// !$*UTF8*$!
{
	archiveVersion = 1;
	classes = {
	};
	objectVersion = 55;
	objects = {

/* Begin PBXAggregateTarget section */
		84C26F91276B7C2000BEBEF0 /* Code Generation */ = {
			isa = PBXAggregateTarget;
			buildConfigurationList = 84C26F94276B7C2000BEBEF0 /* Build configuration list for PBXAggregateTarget "Code Generation" */;
			buildPhases = (
				84C26F95276B7C2700BEBEF0 /* SwiftGen */,
			);
			dependencies = (
			);
			name = "Code Generation";
			productName = "Code Generation";
		};
/* End PBXAggregateTarget section */

/* Begin PBXBuildFile section */
		841C1248276D0AE900EDEFD8 /* RootViewModel.swift in Sources */ = {isa = PBXBuildFile; fileRef = 841C1247276D0AE900EDEFD8 /* RootViewModel.swift */; };
		841C124C276D0DCC00EDEFD8 /* MainView.swift in Sources */ = {isa = PBXBuildFile; fileRef = 841C124B276D0DCC00EDEFD8 /* MainView.swift */; };
		841C124F276D10C900EDEFD8 /* LoginViewModel.swift in Sources */ = {isa = PBXBuildFile; fileRef = 841C124E276D10C900EDEFD8 /* LoginViewModel.swift */; };
		841C1251276D54C800EDEFD8 /* InteractiveViewModel.swift in Sources */ = {isa = PBXBuildFile; fileRef = 841C1250276D54C800EDEFD8 /* InteractiveViewModel.swift */; };
		841C1253276D64F200EDEFD8 /* UIApplication.swift in Sources */ = {isa = PBXBuildFile; fileRef = 841C1252276D64F200EDEFD8 /* UIApplication.swift */; };
		841C1255276E308D00EDEFD8 /* Logger.swift in Sources */ = {isa = PBXBuildFile; fileRef = 841C1254276E308D00EDEFD8 /* Logger.swift */; };
		8465FBA0276C166A00CB2E1D /* GoogleService-Info.plist in Resources */ = {isa = PBXBuildFile; fileRef = 8465FB9F276C166A00CB2E1D /* GoogleService-Info.plist */; };
		8465FBA4276C1B8C00CB2E1D /* GoogleSignInButton.swift in Sources */ = {isa = PBXBuildFile; fileRef = 8465FBA3276C1B8C00CB2E1D /* GoogleSignInButton.swift */; };
		8465FBA7276CA2A900CB2E1D /* Typealiases.swift in Sources */ = {isa = PBXBuildFile; fileRef = 8465FBA6276CA2A900CB2E1D /* Typealiases.swift */; };
		8465FBA9276CBB8300CB2E1D /* Login.strings in Resources */ = {isa = PBXBuildFile; fileRef = 8465FBA8276CBB8300CB2E1D /* Login.strings */; };
		8465FBB9276CEE0400CB2E1D /* Roboto-Medium.ttf in Resources */ = {isa = PBXBuildFile; fileRef = 8465FBAC276CEE0400CB2E1D /* Roboto-Medium.ttf */; };
		8465FBBA276CEE0400CB2E1D /* Roboto-Light.ttf in Resources */ = {isa = PBXBuildFile; fileRef = 8465FBAD276CEE0400CB2E1D /* Roboto-Light.ttf */; };
		8465FBBB276CEE0400CB2E1D /* Roboto-Regular.ttf in Resources */ = {isa = PBXBuildFile; fileRef = 8465FBAE276CEE0400CB2E1D /* Roboto-Regular.ttf */; };
		8465FBBC276CEE0400CB2E1D /* Roboto-MediumItalic.ttf in Resources */ = {isa = PBXBuildFile; fileRef = 8465FBAF276CEE0400CB2E1D /* Roboto-MediumItalic.ttf */; };
		8465FBBD276CEE0400CB2E1D /* Roboto-ThinItalic.ttf in Resources */ = {isa = PBXBuildFile; fileRef = 8465FBB0276CEE0400CB2E1D /* Roboto-ThinItalic.ttf */; };
		8465FBBE276CEE0400CB2E1D /* Roboto-BoldItalic.ttf in Resources */ = {isa = PBXBuildFile; fileRef = 8465FBB1276CEE0400CB2E1D /* Roboto-BoldItalic.ttf */; };
		8465FBBF276CEE0400CB2E1D /* Roboto-LightItalic.ttf in Resources */ = {isa = PBXBuildFile; fileRef = 8465FBB2276CEE0400CB2E1D /* Roboto-LightItalic.ttf */; };
		8465FBC0276CEE0400CB2E1D /* Roboto-Italic.ttf in Resources */ = {isa = PBXBuildFile; fileRef = 8465FBB3276CEE0400CB2E1D /* Roboto-Italic.ttf */; };
		8465FBC1276CEE0400CB2E1D /* LICENSE.txt in Resources */ = {isa = PBXBuildFile; fileRef = 8465FBB4276CEE0400CB2E1D /* LICENSE.txt */; };
		8465FBC2276CEE0400CB2E1D /* Roboto-BlackItalic.ttf in Resources */ = {isa = PBXBuildFile; fileRef = 8465FBB5276CEE0400CB2E1D /* Roboto-BlackItalic.ttf */; };
		8465FBC3276CEE0400CB2E1D /* Roboto-Bold.ttf in Resources */ = {isa = PBXBuildFile; fileRef = 8465FBB6276CEE0400CB2E1D /* Roboto-Bold.ttf */; };
		8465FBC4276CEE0400CB2E1D /* Roboto-Thin.ttf in Resources */ = {isa = PBXBuildFile; fileRef = 8465FBB7276CEE0400CB2E1D /* Roboto-Thin.ttf */; };
		8465FBC5276CEE0400CB2E1D /* Roboto-Black.ttf in Resources */ = {isa = PBXBuildFile; fileRef = 8465FBB8276CEE0400CB2E1D /* Roboto-Black.ttf */; };
		8465FBC7276CEED500CB2E1D /* UIFont-Constants.swift in Sources */ = {isa = PBXBuildFile; fileRef = 8465FBC6276CEED500CB2E1D /* UIFont-Constants.swift */; };
		8465FBCA276CF0EE00CB2E1D /* Font.swift in Sources */ = {isa = PBXBuildFile; fileRef = 8465FBC9276CF0EE00CB2E1D /* Font.swift */; };
		8465FBCC276CF2DA00CB2E1D /* View.swift in Sources */ = {isa = PBXBuildFile; fileRef = 8465FBCB276CF2DA00CB2E1D /* View.swift */; };
		8465FBCF276CF9FD00CB2E1D /* SecondaryButtonStyle.swift in Sources */ = {isa = PBXBuildFile; fileRef = 8465FBCE276CF9FD00CB2E1D /* SecondaryButtonStyle.swift */; };
		8465FBD2276CFCB700CB2E1D /* FirebaseAuthManager.swift in Sources */ = {isa = PBXBuildFile; fileRef = 8465FBD1276CFCB700CB2E1D /* FirebaseAuthManager.swift */; };
		8465FBD4276CFE5400CB2E1D /* DefaultsManager.swift in Sources */ = {isa = PBXBuildFile; fileRef = 8465FBD3276CFE5400CB2E1D /* DefaultsManager.swift */; };
		8465FBD6276D01FD00CB2E1D /* Services.swift in Sources */ = {isa = PBXBuildFile; fileRef = 8465FBD5276D01FD00CB2E1D /* Services.swift */; };
		8465FBD9276D033D00CB2E1D /* Routing.swift in Sources */ = {isa = PBXBuildFile; fileRef = 8465FBD8276D033D00CB2E1D /* Routing.swift */; };
		8465FBDB276D03FF00CB2E1D /* RoutableView.swift in Sources */ = {isa = PBXBuildFile; fileRef = 8465FBDA276D03FF00CB2E1D /* RoutableView.swift */; };
		8465FBE0276D04BB00CB2E1D /* RootView.swift in Sources */ = {isa = PBXBuildFile; fileRef = 8465FBDF276D04BB00CB2E1D /* RootView.swift */; };
		8465FBE2276D04C600CB2E1D /* RootRouter.swift in Sources */ = {isa = PBXBuildFile; fileRef = 8465FBE1276D04C600CB2E1D /* RootRouter.swift */; };
		84C26F80276B727700BEBEF0 /* Images.xcassets in Resources */ = {isa = PBXBuildFile; fileRef = 84C26F7F276B727700BEBEF0 /* Images.xcassets */; };
		84C26F83276B727700BEBEF0 /* Preview Assets.xcassets in Resources */ = {isa = PBXBuildFile; fileRef = 84C26F82276B727700BEBEF0 /* Preview Assets.xcassets */; };
		84C26F85276B727700BEBEF0 /* Persistence.swift in Sources */ = {isa = PBXBuildFile; fileRef = 84C26F84276B727700BEBEF0 /* Persistence.swift */; };
		84C26F88276B727700BEBEF0 /* ToDoDaily.xcdatamodeld in Sources */ = {isa = PBXBuildFile; fileRef = 84C26F86276B727700BEBEF0 /* ToDoDaily.xcdatamodeld */; };
		84C26F9B276B854500BEBEF0 /* Colors.xcassets in Resources */ = {isa = PBXBuildFile; fileRef = 84C26F9A276B854500BEBEF0 /* Colors.xcassets */; };
		84C26F9D276B85CE00BEBEF0 /* Assets-Constants.swift in Sources */ = {isa = PBXBuildFile; fileRef = 84C26F9C276B85CE00BEBEF0 /* Assets-Constants.swift */; };
		84C26FA2276B8A5900BEBEF0 /* Launch Screen.storyboard in Resources */ = {isa = PBXBuildFile; fileRef = 84C26FA1276B8A5900BEBEF0 /* Launch Screen.storyboard */; };
		84C26FA7276B8C3B00BEBEF0 /* LoginView.swift in Sources */ = {isa = PBXBuildFile; fileRef = 84C26FA6276B8C3B00BEBEF0 /* LoginView.swift */; };
		84C26FAF276B906600BEBEF0 /* ToDoDailyApp.swift in Sources */ = {isa = PBXBuildFile; fileRef = 84C26FAE276B906600BEBEF0 /* ToDoDailyApp.swift */; };
		84C26FB2276B9BE000BEBEF0 /* Application.strings in Resources */ = {isa = PBXBuildFile; fileRef = 84C26FB1276B9BE000BEBEF0 /* Application.strings */; };
		84C26FB4276B9C6000BEBEF0 /* Strings-Constants.swift in Sources */ = {isa = PBXBuildFile; fileRef = 84C26FB3276B9C6000BEBEF0 /* Strings-Constants.swift */; };
		84C26FB8276C0BD000BEBEF0 /* UIScreen.swift in Sources */ = {isa = PBXBuildFile; fileRef = 84C26FB7276C0BD000BEBEF0 /* UIScreen.swift */; };
		84F54F0A276E772B00D843B2 /* FirebaseAuth in Frameworks */ = {isa = PBXBuildFile; productRef = 84F54F09276E772B00D843B2 /* FirebaseAuth */; settings = {ATTRIBUTES = (Required, ); }; };
		84F54F0D276E780900D843B2 /* GoogleSignIn in Frameworks */ = {isa = PBXBuildFile; productRef = 84F54F0C276E780900D843B2 /* GoogleSignIn */; };
		D028BF8665A8EAC338C1BB86 /* Pods_ToDoDaily.framework in Frameworks */ = {isa = PBXBuildFile; fileRef = 8486E40225582005AB4968ED /* Pods_ToDoDaily.framework */; };
/* End PBXBuildFile section */

/* Begin PBXFileReference section */
		378FD58BACD41F008FCC5F3F /* Pods-ToDoDaily.debug.xcconfig */ = {isa = PBXFileReference; includeInIndex = 1; lastKnownFileType = text.xcconfig; name = "Pods-ToDoDaily.debug.xcconfig"; path = "Target Support Files/Pods-ToDoDaily/Pods-ToDoDaily.debug.xcconfig"; sourceTree = "<group>"; };
		5D595A9983B29CD103043183 /* Pods-ToDoDaily.release.xcconfig */ = {isa = PBXFileReference; includeInIndex = 1; lastKnownFileType = text.xcconfig; name = "Pods-ToDoDaily.release.xcconfig"; path = "Target Support Files/Pods-ToDoDaily/Pods-ToDoDaily.release.xcconfig"; sourceTree = "<group>"; };
		841C1247276D0AE900EDEFD8 /* RootViewModel.swift */ = {isa = PBXFileReference; lastKnownFileType = sourcecode.swift; path = RootViewModel.swift; sourceTree = "<group>"; };
		841C124B276D0DCC00EDEFD8 /* MainView.swift */ = {isa = PBXFileReference; lastKnownFileType = sourcecode.swift; path = MainView.swift; sourceTree = "<group>"; };
		841C124E276D10C900EDEFD8 /* LoginViewModel.swift */ = {isa = PBXFileReference; lastKnownFileType = sourcecode.swift; path = LoginViewModel.swift; sourceTree = "<group>"; };
		841C1250276D54C800EDEFD8 /* InteractiveViewModel.swift */ = {isa = PBXFileReference; lastKnownFileType = sourcecode.swift; path = InteractiveViewModel.swift; sourceTree = "<group>"; };
		841C1252276D64F200EDEFD8 /* UIApplication.swift */ = {isa = PBXFileReference; lastKnownFileType = sourcecode.swift; path = UIApplication.swift; sourceTree = "<group>"; };
		841C1254276E308D00EDEFD8 /* Logger.swift */ = {isa = PBXFileReference; lastKnownFileType = sourcecode.swift; path = Logger.swift; sourceTree = "<group>"; };
		8465FB9F276C166A00CB2E1D /* GoogleService-Info.plist */ = {isa = PBXFileReference; fileEncoding = 4; lastKnownFileType = text.plist.xml; path = "GoogleService-Info.plist"; sourceTree = "<group>"; };
		8465FBA3276C1B8C00CB2E1D /* GoogleSignInButton.swift */ = {isa = PBXFileReference; lastKnownFileType = sourcecode.swift; path = GoogleSignInButton.swift; sourceTree = "<group>"; };
		8465FBA6276CA2A900CB2E1D /* Typealiases.swift */ = {isa = PBXFileReference; lastKnownFileType = sourcecode.swift; path = Typealiases.swift; sourceTree = "<group>"; };
		8465FBA8276CBB8300CB2E1D /* Login.strings */ = {isa = PBXFileReference; lastKnownFileType = text.plist.strings; path = Login.strings; sourceTree = "<group>"; };
		8465FBAC276CEE0400CB2E1D /* Roboto-Medium.ttf */ = {isa = PBXFileReference; lastKnownFileType = file; path = "Roboto-Medium.ttf"; sourceTree = "<group>"; };
		8465FBAD276CEE0400CB2E1D /* Roboto-Light.ttf */ = {isa = PBXFileReference; lastKnownFileType = file; path = "Roboto-Light.ttf"; sourceTree = "<group>"; };
		8465FBAE276CEE0400CB2E1D /* Roboto-Regular.ttf */ = {isa = PBXFileReference; lastKnownFileType = file; path = "Roboto-Regular.ttf"; sourceTree = "<group>"; };
		8465FBAF276CEE0400CB2E1D /* Roboto-MediumItalic.ttf */ = {isa = PBXFileReference; lastKnownFileType = file; path = "Roboto-MediumItalic.ttf"; sourceTree = "<group>"; };
		8465FBB0276CEE0400CB2E1D /* Roboto-ThinItalic.ttf */ = {isa = PBXFileReference; lastKnownFileType = file; path = "Roboto-ThinItalic.ttf"; sourceTree = "<group>"; };
		8465FBB1276CEE0400CB2E1D /* Roboto-BoldItalic.ttf */ = {isa = PBXFileReference; lastKnownFileType = file; path = "Roboto-BoldItalic.ttf"; sourceTree = "<group>"; };
		8465FBB2276CEE0400CB2E1D /* Roboto-LightItalic.ttf */ = {isa = PBXFileReference; lastKnownFileType = file; path = "Roboto-LightItalic.ttf"; sourceTree = "<group>"; };
		8465FBB3276CEE0400CB2E1D /* Roboto-Italic.ttf */ = {isa = PBXFileReference; lastKnownFileType = file; path = "Roboto-Italic.ttf"; sourceTree = "<group>"; };
		8465FBB4276CEE0400CB2E1D /* LICENSE.txt */ = {isa = PBXFileReference; fileEncoding = 4; lastKnownFileType = text; path = LICENSE.txt; sourceTree = "<group>"; };
		8465FBB5276CEE0400CB2E1D /* Roboto-BlackItalic.ttf */ = {isa = PBXFileReference; lastKnownFileType = file; path = "Roboto-BlackItalic.ttf"; sourceTree = "<group>"; };
		8465FBB6276CEE0400CB2E1D /* Roboto-Bold.ttf */ = {isa = PBXFileReference; lastKnownFileType = file; path = "Roboto-Bold.ttf"; sourceTree = "<group>"; };
		8465FBB7276CEE0400CB2E1D /* Roboto-Thin.ttf */ = {isa = PBXFileReference; lastKnownFileType = file; path = "Roboto-Thin.ttf"; sourceTree = "<group>"; };
		8465FBB8276CEE0400CB2E1D /* Roboto-Black.ttf */ = {isa = PBXFileReference; lastKnownFileType = file; path = "Roboto-Black.ttf"; sourceTree = "<group>"; };
		8465FBC6276CEED500CB2E1D /* UIFont-Constants.swift */ = {isa = PBXFileReference; fileEncoding = 4; lastKnownFileType = sourcecode.swift; path = "UIFont-Constants.swift"; sourceTree = "<group>"; };
		8465FBC9276CF0EE00CB2E1D /* Font.swift */ = {isa = PBXFileReference; lastKnownFileType = sourcecode.swift; path = Font.swift; sourceTree = "<group>"; };
		8465FBCB276CF2DA00CB2E1D /* View.swift */ = {isa = PBXFileReference; lastKnownFileType = sourcecode.swift; path = View.swift; sourceTree = "<group>"; };
		8465FBCE276CF9FD00CB2E1D /* SecondaryButtonStyle.swift */ = {isa = PBXFileReference; lastKnownFileType = sourcecode.swift; path = SecondaryButtonStyle.swift; sourceTree = "<group>"; };
		8465FBD1276CFCB700CB2E1D /* FirebaseAuthManager.swift */ = {isa = PBXFileReference; lastKnownFileType = sourcecode.swift; path = FirebaseAuthManager.swift; sourceTree = "<group>"; };
		8465FBD3276CFE5400CB2E1D /* DefaultsManager.swift */ = {isa = PBXFileReference; lastKnownFileType = sourcecode.swift; path = DefaultsManager.swift; sourceTree = "<group>"; };
		8465FBD5276D01FD00CB2E1D /* Services.swift */ = {isa = PBXFileReference; lastKnownFileType = sourcecode.swift; path = Services.swift; sourceTree = "<group>"; };
		8465FBD8276D033D00CB2E1D /* Routing.swift */ = {isa = PBXFileReference; lastKnownFileType = sourcecode.swift; path = Routing.swift; sourceTree = "<group>"; };
		8465FBDA276D03FF00CB2E1D /* RoutableView.swift */ = {isa = PBXFileReference; lastKnownFileType = sourcecode.swift; path = RoutableView.swift; sourceTree = "<group>"; };
		8465FBDF276D04BB00CB2E1D /* RootView.swift */ = {isa = PBXFileReference; lastKnownFileType = sourcecode.swift; path = RootView.swift; sourceTree = "<group>"; };
		8465FBE1276D04C600CB2E1D /* RootRouter.swift */ = {isa = PBXFileReference; lastKnownFileType = sourcecode.swift; path = RootRouter.swift; sourceTree = "<group>"; };
		8486E40225582005AB4968ED /* Pods_ToDoDaily.framework */ = {isa = PBXFileReference; explicitFileType = wrapper.framework; includeInIndex = 0; path = Pods_ToDoDaily.framework; sourceTree = BUILT_PRODUCTS_DIR; };
		84C26F78276B727400BEBEF0 /* ToDoDaily.app */ = {isa = PBXFileReference; explicitFileType = wrapper.application; includeInIndex = 0; path = ToDoDaily.app; sourceTree = BUILT_PRODUCTS_DIR; };
		84C26F7F276B727700BEBEF0 /* Images.xcassets */ = {isa = PBXFileReference; lastKnownFileType = folder.assetcatalog; path = Images.xcassets; sourceTree = "<group>"; };
		84C26F82276B727700BEBEF0 /* Preview Assets.xcassets */ = {isa = PBXFileReference; lastKnownFileType = folder.assetcatalog; path = "Preview Assets.xcassets"; sourceTree = "<group>"; };
		84C26F84276B727700BEBEF0 /* Persistence.swift */ = {isa = PBXFileReference; lastKnownFileType = sourcecode.swift; path = Persistence.swift; sourceTree = "<group>"; };
		84C26F87276B727700BEBEF0 /* ToDoDaily.xcdatamodel */ = {isa = PBXFileReference; lastKnownFileType = wrapper.xcdatamodel; path = ToDoDaily.xcdatamodel; sourceTree = "<group>"; };
		84C26F9A276B854500BEBEF0 /* Colors.xcassets */ = {isa = PBXFileReference; lastKnownFileType = folder.assetcatalog; path = Colors.xcassets; sourceTree = "<group>"; };
		84C26F9C276B85CE00BEBEF0 /* Assets-Constants.swift */ = {isa = PBXFileReference; fileEncoding = 4; lastKnownFileType = sourcecode.swift; path = "Assets-Constants.swift"; sourceTree = "<group>"; };
		84C26F9E276B884300BEBEF0 /* Info.plist */ = {isa = PBXFileReference; lastKnownFileType = text.plist.xml; path = Info.plist; sourceTree = "<group>"; };
		84C26FA1276B8A5900BEBEF0 /* Launch Screen.storyboard */ = {isa = PBXFileReference; lastKnownFileType = file.storyboard; path = "Launch Screen.storyboard"; sourceTree = "<group>"; };
		84C26FA6276B8C3B00BEBEF0 /* LoginView.swift */ = {isa = PBXFileReference; lastKnownFileType = sourcecode.swift; path = LoginView.swift; sourceTree = "<group>"; };
		84C26FAE276B906600BEBEF0 /* ToDoDailyApp.swift */ = {isa = PBXFileReference; fileEncoding = 4; lastKnownFileType = sourcecode.swift; path = ToDoDailyApp.swift; sourceTree = "<group>"; };
		84C26FB1276B9BE000BEBEF0 /* Application.strings */ = {isa = PBXFileReference; lastKnownFileType = text.plist.strings; path = Application.strings; sourceTree = "<group>"; };
		84C26FB3276B9C6000BEBEF0 /* Strings-Constants.swift */ = {isa = PBXFileReference; fileEncoding = 4; lastKnownFileType = sourcecode.swift; path = "Strings-Constants.swift"; sourceTree = "<group>"; };
		84C26FB7276C0BD000BEBEF0 /* UIScreen.swift */ = {isa = PBXFileReference; lastKnownFileType = sourcecode.swift; path = UIScreen.swift; sourceTree = "<group>"; };
/* End PBXFileReference section */

/* Begin PBXFrameworksBuildPhase section */
		84C26F75276B727400BEBEF0 /* Frameworks */ = {
			isa = PBXFrameworksBuildPhase;
			buildActionMask = 2147483647;
			files = (
				D028BF8665A8EAC338C1BB86 /* Pods_ToDoDaily.framework in Frameworks */,
				84F54F0A276E772B00D843B2 /* FirebaseAuth in Frameworks */,
				84F54F0D276E780900D843B2 /* GoogleSignIn in Frameworks */,
			);
			runOnlyForDeploymentPostprocessing = 0;
		};
/* End PBXFrameworksBuildPhase section */

/* Begin PBXGroup section */
		841C1246276D0AD700EDEFD8 /* ViewModels */ = {
			isa = PBXGroup;
			children = (
				841C1247276D0AE900EDEFD8 /* RootViewModel.swift */,
			);
			path = ViewModels;
			sourceTree = "<group>";
		};
		841C1249276D0DA000EDEFD8 /* Main */ = {
			isa = PBXGroup;
			children = (
				841C124A276D0DBF00EDEFD8 /* VIews */,
			);
			path = Main;
			sourceTree = "<group>";
		};
		841C124A276D0DBF00EDEFD8 /* VIews */ = {
			isa = PBXGroup;
			children = (
				841C124B276D0DCC00EDEFD8 /* MainView.swift */,
			);
			path = VIews;
			sourceTree = "<group>";
		};
		841C124D276D10B500EDEFD8 /* ViewModels */ = {
			isa = PBXGroup;
			children = (
				841C124E276D10C900EDEFD8 /* LoginViewModel.swift */,
			);
			path = ViewModels;
			sourceTree = "<group>";
		};
		8465FB9E276C15D600CB2E1D /* Firebase */ = {
			isa = PBXGroup;
			children = (
				8465FB9F276C166A00CB2E1D /* GoogleService-Info.plist */,
			);
			path = Firebase;
			sourceTree = "<group>";
		};
		8465FBA2276C1B7D00CB2E1D /* Components */ = {
			isa = PBXGroup;
			children = (
				8465FBA3276C1B8C00CB2E1D /* GoogleSignInButton.swift */,
			);
			path = Components;
			sourceTree = "<group>";
		};
		8465FBA5276CA29900CB2E1D /* Reusable */ = {
			isa = PBXGroup;
			children = (
				8465FBCD276CF9EB00CB2E1D /* ButtonStyle */,
				8465FBA6276CA2A900CB2E1D /* Typealiases.swift */,
			);
			path = Reusable;
			sourceTree = "<group>";
		};
		8465FBAA276CEE0400CB2E1D /* Fonts */ = {
			isa = PBXGroup;
			children = (
				8465FBAB276CEE0400CB2E1D /* Roboto */,
			);
			path = Fonts;
			sourceTree = "<group>";
		};
		8465FBAB276CEE0400CB2E1D /* Roboto */ = {
			isa = PBXGroup;
			children = (
				8465FBAC276CEE0400CB2E1D /* Roboto-Medium.ttf */,
				8465FBAD276CEE0400CB2E1D /* Roboto-Light.ttf */,
				8465FBAE276CEE0400CB2E1D /* Roboto-Regular.ttf */,
				8465FBAF276CEE0400CB2E1D /* Roboto-MediumItalic.ttf */,
				8465FBB0276CEE0400CB2E1D /* Roboto-ThinItalic.ttf */,
				8465FBB1276CEE0400CB2E1D /* Roboto-BoldItalic.ttf */,
				8465FBB2276CEE0400CB2E1D /* Roboto-LightItalic.ttf */,
				8465FBB3276CEE0400CB2E1D /* Roboto-Italic.ttf */,
				8465FBB4276CEE0400CB2E1D /* LICENSE.txt */,
				8465FBB5276CEE0400CB2E1D /* Roboto-BlackItalic.ttf */,
				8465FBB6276CEE0400CB2E1D /* Roboto-Bold.ttf */,
				8465FBB7276CEE0400CB2E1D /* Roboto-Thin.ttf */,
				8465FBB8276CEE0400CB2E1D /* Roboto-Black.ttf */,
			);
			path = Roboto;
			sourceTree = "<group>";
		};
		8465FBC8276CF0E300CB2E1D /* SwiftUI */ = {
			isa = PBXGroup;
			children = (
				8465FBC9276CF0EE00CB2E1D /* Font.swift */,
				8465FBCB276CF2DA00CB2E1D /* View.swift */,
			);
			path = SwiftUI;
			sourceTree = "<group>";
		};
		8465FBCD276CF9EB00CB2E1D /* ButtonStyle */ = {
			isa = PBXGroup;
			children = (
				8465FBCE276CF9FD00CB2E1D /* SecondaryButtonStyle.swift */,
			);
			path = ButtonStyle;
			sourceTree = "<group>";
		};
		8465FBD0276CFC9400CB2E1D /* Services */ = {
			isa = PBXGroup;
			children = (
				8465FBD1276CFCB700CB2E1D /* FirebaseAuthManager.swift */,
				8465FBD3276CFE5400CB2E1D /* DefaultsManager.swift */,
				841C1254276E308D00EDEFD8 /* Logger.swift */,
				8465FBD5276D01FD00CB2E1D /* Services.swift */,
			);
			path = Services;
			sourceTree = "<group>";
		};
		8465FBD7276D033100CB2E1D /* Base */ = {
			isa = PBXGroup;
			children = (
				8465FBD8276D033D00CB2E1D /* Routing.swift */,
				8465FBDA276D03FF00CB2E1D /* RoutableView.swift */,
				841C1250276D54C800EDEFD8 /* InteractiveViewModel.swift */,
			);
			path = Base;
			sourceTree = "<group>";
		};
		8465FBDC276D049000CB2E1D /* Root */ = {
			isa = PBXGroup;
			children = (
				8465FBDE276D04A000CB2E1D /* Routing */,
				841C1246276D0AD700EDEFD8 /* ViewModels */,
				8465FBDD276D049B00CB2E1D /* Views */,
			);
			path = Root;
			sourceTree = "<group>";
		};
		8465FBDD276D049B00CB2E1D /* Views */ = {
			isa = PBXGroup;
			children = (
				8465FBDF276D04BB00CB2E1D /* RootView.swift */,
			);
			path = Views;
			sourceTree = "<group>";
		};
		8465FBDE276D04A000CB2E1D /* Routing */ = {
			isa = PBXGroup;
			children = (
				8465FBE1276D04C600CB2E1D /* RootRouter.swift */,
			);
			path = Routing;
			sourceTree = "<group>";
		};
		84C26F6F276B727400BEBEF0 = {
			isa = PBXGroup;
			children = (
				84C26F7A276B727400BEBEF0 /* ToDoDaily */,
				84C26F79276B727400BEBEF0 /* Products */,
				DE77C766B6822C9D344614B5 /* Pods */,
				F0A169FE3F75534FA1DF47B7 /* Frameworks */,
			);
			sourceTree = "<group>";
		};
		84C26F79276B727400BEBEF0 /* Products */ = {
			isa = PBXGroup;
			children = (
				84C26F78276B727400BEBEF0 /* ToDoDaily.app */,
			);
			name = Products;
			sourceTree = "<group>";
		};
		84C26F7A276B727400BEBEF0 /* ToDoDaily */ = {
			isa = PBXGroup;
			children = (
				84C26F8E276B735600BEBEF0 /* Application */,
				8465FBD7276D033100CB2E1D /* Base */,
				84C26FB5276C0BBA00BEBEF0 /* Extensions */,
				84C26FA3276B8C0500BEBEF0 /* Flows */,
				84C26F90276B73BA00BEBEF0 /* Persistence */,
				84C26F81276B727700BEBEF0 /* Preview Content */,
				84C26F8F276B73AC00BEBEF0 /* Resources */,
				8465FBA5276CA29900CB2E1D /* Reusable */,
				8465FBD0276CFC9400CB2E1D /* Services */,
				84C26F9E276B884300BEBEF0 /* Info.plist */,
			);
			path = ToDoDaily;
			sourceTree = "<group>";
		};
		84C26F81276B727700BEBEF0 /* Preview Content */ = {
			isa = PBXGroup;
			children = (
				84C26F82276B727700BEBEF0 /* Preview Assets.xcassets */,
			);
			path = "Preview Content";
			sourceTree = "<group>";
		};
		84C26F8E276B735600BEBEF0 /* Application */ = {
			isa = PBXGroup;
			children = (
				84C26FAE276B906600BEBEF0 /* ToDoDailyApp.swift */,
			);
			path = Application;
			sourceTree = "<group>";
		};
		84C26F8F276B73AC00BEBEF0 /* Resources */ = {
			isa = PBXGroup;
			children = (
				84C26FB0276B9BD100BEBEF0 /* Strings */,
				8465FB9E276C15D600CB2E1D /* Firebase */,
				8465FBAA276CEE0400CB2E1D /* Fonts */,
				84C26F97276B83F800BEBEF0 /* AutomaticallyGenerated */,
				84C26F7F276B727700BEBEF0 /* Images.xcassets */,
				84C26F9A276B854500BEBEF0 /* Colors.xcassets */,
				84C26FA1276B8A5900BEBEF0 /* Launch Screen.storyboard */,
			);
			path = Resources;
			sourceTree = "<group>";
		};
		84C26F90276B73BA00BEBEF0 /* Persistence */ = {
			isa = PBXGroup;
			children = (
				84C26F84276B727700BEBEF0 /* Persistence.swift */,
				84C26F86276B727700BEBEF0 /* ToDoDaily.xcdatamodeld */,
			);
			path = Persistence;
			sourceTree = "<group>";
		};
		84C26F97276B83F800BEBEF0 /* AutomaticallyGenerated */ = {
			isa = PBXGroup;
			children = (
				84C26F9C276B85CE00BEBEF0 /* Assets-Constants.swift */,
				84C26FB3276B9C6000BEBEF0 /* Strings-Constants.swift */,
				8465FBC6276CEED500CB2E1D /* UIFont-Constants.swift */,
			);
			path = AutomaticallyGenerated;
			sourceTree = "<group>";
		};
		84C26FA3276B8C0500BEBEF0 /* Flows */ = {
			isa = PBXGroup;
			children = (
				84C26FA4276B8C0B00BEBEF0 /* Login */,
				841C1249276D0DA000EDEFD8 /* Main */,
				8465FBDC276D049000CB2E1D /* Root */,
			);
			path = Flows;
			sourceTree = "<group>";
		};
		84C26FA4276B8C0B00BEBEF0 /* Login */ = {
			isa = PBXGroup;
			children = (
				8465FBA2276C1B7D00CB2E1D /* Components */,
				841C124D276D10B500EDEFD8 /* ViewModels */,
				84C26FA5276B8C1100BEBEF0 /* Views */,
			);
			path = Login;
			sourceTree = "<group>";
		};
		84C26FA5276B8C1100BEBEF0 /* Views */ = {
			isa = PBXGroup;
			children = (
				84C26FA6276B8C3B00BEBEF0 /* LoginView.swift */,
			);
			path = Views;
			sourceTree = "<group>";
		};
		84C26FB0276B9BD100BEBEF0 /* Strings */ = {
			isa = PBXGroup;
			children = (
				84C26FB1276B9BE000BEBEF0 /* Application.strings */,
				8465FBA8276CBB8300CB2E1D /* Login.strings */,
			);
			path = Strings;
			sourceTree = "<group>";
		};
		84C26FB5276C0BBA00BEBEF0 /* Extensions */ = {
			isa = PBXGroup;
			children = (
				8465FBC8276CF0E300CB2E1D /* SwiftUI */,
				84C26FB6276C0BC200BEBEF0 /* UIKit */,
			);
			path = Extensions;
			sourceTree = "<group>";
		};
		84C26FB6276C0BC200BEBEF0 /* UIKit */ = {
			isa = PBXGroup;
			children = (
				84C26FB7276C0BD000BEBEF0 /* UIScreen.swift */,
				841C1252276D64F200EDEFD8 /* UIApplication.swift */,
			);
			path = UIKit;
			sourceTree = "<group>";
		};
		DE77C766B6822C9D344614B5 /* Pods */ = {
			isa = PBXGroup;
			children = (
				378FD58BACD41F008FCC5F3F /* Pods-ToDoDaily.debug.xcconfig */,
				5D595A9983B29CD103043183 /* Pods-ToDoDaily.release.xcconfig */,
			);
			path = Pods;
			sourceTree = "<group>";
		};
		F0A169FE3F75534FA1DF47B7 /* Frameworks */ = {
			isa = PBXGroup;
			children = (
				8486E40225582005AB4968ED /* Pods_ToDoDaily.framework */,
			);
			name = Frameworks;
			sourceTree = "<group>";
		};
/* End PBXGroup section */

/* Begin PBXNativeTarget section */
		84C26F77276B727400BEBEF0 /* ToDoDaily */ = {
			isa = PBXNativeTarget;
			buildConfigurationList = 84C26F8B276B727700BEBEF0 /* Build configuration list for PBXNativeTarget "ToDoDaily" */;
			buildPhases = (
				AEE497996D8419E05E7652E7 /* [CP] Check Pods Manifest.lock */,
				8465FBA1276C167000CB2E1D /* Link GoogleService-Info.plist */,
				84C26F74276B727400BEBEF0 /* Sources */,
				84C26F75276B727400BEBEF0 /* Frameworks */,
				84C26F76276B727400BEBEF0 /* Resources */,
			);
			buildRules = (
			);
			dependencies = (
			);
			name = ToDoDaily;
			packageProductDependencies = (
				84F54F09276E772B00D843B2 /* FirebaseAuth */,
				84F54F0C276E780900D843B2 /* GoogleSignIn */,
			);
			productName = ToDoDaily;
			productReference = 84C26F78276B727400BEBEF0 /* ToDoDaily.app */;
			productType = "com.apple.product-type.application";
		};
/* End PBXNativeTarget section */

/* Begin PBXProject section */
		84C26F70276B727400BEBEF0 /* Project object */ = {
			isa = PBXProject;
			attributes = {
				BuildIndependentTargetsInParallel = 1;
				LastSwiftUpdateCheck = 1320;
				LastUpgradeCheck = 1320;
				TargetAttributes = {
					84C26F77276B727400BEBEF0 = {
						CreatedOnToolsVersion = 13.2;
					};
					84C26F91276B7C2000BEBEF0 = {
						CreatedOnToolsVersion = 13.2;
					};
				};
			};
			buildConfigurationList = 84C26F73276B727400BEBEF0 /* Build configuration list for PBXProject "ToDoDaily" */;
			compatibilityVersion = "Xcode 13.0";
			developmentRegion = en;
			hasScannedForEncodings = 0;
			knownRegions = (
				en,
				Base,
			);
			mainGroup = 84C26F6F276B727400BEBEF0;
			packageReferences = (
				84F54F08276E735100D843B2 /* XCRemoteSwiftPackageReference "firebase-ios-sdk" */,
				84F54F0B276E780900D843B2 /* XCRemoteSwiftPackageReference "GoogleSignIn-iOS" */,
			);
			productRefGroup = 84C26F79276B727400BEBEF0 /* Products */;
			projectDirPath = "";
			projectRoot = "";
			targets = (
				84C26F77276B727400BEBEF0 /* ToDoDaily */,
				84C26F91276B7C2000BEBEF0 /* Code Generation */,
			);
		};
/* End PBXProject section */

/* Begin PBXResourcesBuildPhase section */
		84C26F76276B727400BEBEF0 /* Resources */ = {
			isa = PBXResourcesBuildPhase;
			buildActionMask = 2147483647;
			files = (
				8465FBBD276CEE0400CB2E1D /* Roboto-ThinItalic.ttf in Resources */,
				8465FBB9276CEE0400CB2E1D /* Roboto-Medium.ttf in Resources */,
				8465FBC2276CEE0400CB2E1D /* Roboto-BlackItalic.ttf in Resources */,
				8465FBBF276CEE0400CB2E1D /* Roboto-LightItalic.ttf in Resources */,
				84C26F9B276B854500BEBEF0 /* Colors.xcassets in Resources */,
				8465FBBB276CEE0400CB2E1D /* Roboto-Regular.ttf in Resources */,
				8465FBBE276CEE0400CB2E1D /* Roboto-BoldItalic.ttf in Resources */,
				8465FBC5276CEE0400CB2E1D /* Roboto-Black.ttf in Resources */,
				84C26F83276B727700BEBEF0 /* Preview Assets.xcassets in Resources */,
				8465FBC0276CEE0400CB2E1D /* Roboto-Italic.ttf in Resources */,
				84C26FB2276B9BE000BEBEF0 /* Application.strings in Resources */,
				8465FBA0276C166A00CB2E1D /* GoogleService-Info.plist in Resources */,
				8465FBA9276CBB8300CB2E1D /* Login.strings in Resources */,
				84C26FA2276B8A5900BEBEF0 /* Launch Screen.storyboard in Resources */,
				8465FBC1276CEE0400CB2E1D /* LICENSE.txt in Resources */,
				8465FBC4276CEE0400CB2E1D /* Roboto-Thin.ttf in Resources */,
				8465FBC3276CEE0400CB2E1D /* Roboto-Bold.ttf in Resources */,
				84C26F80276B727700BEBEF0 /* Images.xcassets in Resources */,
				8465FBBC276CEE0400CB2E1D /* Roboto-MediumItalic.ttf in Resources */,
				8465FBBA276CEE0400CB2E1D /* Roboto-Light.ttf in Resources */,
			);
			runOnlyForDeploymentPostprocessing = 0;
		};
/* End PBXResourcesBuildPhase section */

/* Begin PBXShellScriptBuildPhase section */
		8465FBA1276C167000CB2E1D /* Link GoogleService-Info.plist */ = {
			isa = PBXShellScriptBuildPhase;
			buildActionMask = 2147483647;
			files = (
			);
			inputFileListPaths = (
			);
			inputPaths = (
			);
			name = "Link GoogleService-Info.plist";
			outputFileListPaths = (
			);
			outputPaths = (
			);
			runOnlyForDeploymentPostprocessing = 0;
			shellPath = /bin/sh;
			shellScript = "# This script injects the corresponding GoogleService-Info.plist for current environment. The names of .plist files are stored in .xcconfig files as `GOOGLE_PLIST_NAME` constant.\n\n# Directory of .plist files (not included in XCode project)\nPATH_TO_GOOGLE_PLISTS=\"${PROJECT_DIR}/ToDoDaily/Resources/Firebase\"\n\ncp -r \"$PATH_TO_GOOGLE_PLISTS/$GOOGLE_PLIST_NAME\" \"${BUILT_PRODUCTS_DIR}/${PRODUCT_NAME}.app/GoogleService-Info.plist\"\n";
		};
		84C26F95276B7C2700BEBEF0 /* SwiftGen */ = {
			isa = PBXShellScriptBuildPhase;
			buildActionMask = 12;
			files = (
			);
			inputFileListPaths = (
			);
			inputPaths = (
			);
			name = SwiftGen;
			outputFileListPaths = (
			);
			outputPaths = (
			);
			runOnlyForDeploymentPostprocessing = 0;
			shellPath = /bin/sh;
			shellScript = "swiftgen config run --config ${SRCROOT}/swiftgen.yml --verbose\n";
		};
		AEE497996D8419E05E7652E7 /* [CP] Check Pods Manifest.lock */ = {
			isa = PBXShellScriptBuildPhase;
			buildActionMask = 2147483647;
			files = (
			);
			inputFileListPaths = (
			);
			inputPaths = (
				"${PODS_PODFILE_DIR_PATH}/Podfile.lock",
				"${PODS_ROOT}/Manifest.lock",
			);
			name = "[CP] Check Pods Manifest.lock";
			outputFileListPaths = (
			);
			outputPaths = (
				"$(DERIVED_FILE_DIR)/Pods-ToDoDaily-checkManifestLockResult.txt",
			);
			runOnlyForDeploymentPostprocessing = 0;
			shellPath = /bin/sh;
			shellScript = "diff \"${PODS_PODFILE_DIR_PATH}/Podfile.lock\" \"${PODS_ROOT}/Manifest.lock\" > /dev/null\nif [ $? != 0 ] ; then\n    # print error to STDERR\n    echo \"error: The sandbox is not in sync with the Podfile.lock. Run 'pod install' or update your CocoaPods installation.\" >&2\n    exit 1\nfi\n# This output is used by Xcode 'outputs' to avoid re-running this script phase.\necho \"SUCCESS\" > \"${SCRIPT_OUTPUT_FILE_0}\"\n";
			showEnvVarsInLog = 0;
		};
/* End PBXShellScriptBuildPhase section */

/* Begin PBXSourcesBuildPhase section */
		84C26F74276B727400BEBEF0 /* Sources */ = {
			isa = PBXSourcesBuildPhase;
			buildActionMask = 2147483647;
			files = (
				841C124F276D10C900EDEFD8 /* LoginViewModel.swift in Sources */,
				8465FBC7276CEED500CB2E1D /* UIFont-Constants.swift in Sources */,
				841C1248276D0AE900EDEFD8 /* RootViewModel.swift in Sources */,
				841C1253276D64F200EDEFD8 /* UIApplication.swift in Sources */,
				8465FBD2276CFCB700CB2E1D /* FirebaseAuthManager.swift in Sources */,
				8465FBDB276D03FF00CB2E1D /* RoutableView.swift in Sources */,
				8465FBCA276CF0EE00CB2E1D /* Font.swift in Sources */,
				84C26FB4276B9C6000BEBEF0 /* Strings-Constants.swift in Sources */,
				841C1251276D54C800EDEFD8 /* InteractiveViewModel.swift in Sources */,
				841C1255276E308D00EDEFD8 /* Logger.swift in Sources */,
				84C26FA7276B8C3B00BEBEF0 /* LoginView.swift in Sources */,
				841C124C276D0DCC00EDEFD8 /* MainView.swift in Sources */,
				8465FBE0276D04BB00CB2E1D /* RootView.swift in Sources */,
				8465FBCF276CF9FD00CB2E1D /* SecondaryButtonStyle.swift in Sources */,
				84C26F85276B727700BEBEF0 /* Persistence.swift in Sources */,
				8465FBD4276CFE5400CB2E1D /* DefaultsManager.swift in Sources */,
				84C26F88276B727700BEBEF0 /* ToDoDaily.xcdatamodeld in Sources */,
				8465FBA4276C1B8C00CB2E1D /* GoogleSignInButton.swift in Sources */,
				8465FBD9276D033D00CB2E1D /* Routing.swift in Sources */,
				8465FBA7276CA2A900CB2E1D /* Typealiases.swift in Sources */,
				8465FBCC276CF2DA00CB2E1D /* View.swift in Sources */,
				84C26FAF276B906600BEBEF0 /* ToDoDailyApp.swift in Sources */,
				8465FBE2276D04C600CB2E1D /* RootRouter.swift in Sources */,
				8465FBD6276D01FD00CB2E1D /* Services.swift in Sources */,
				84C26FB8276C0BD000BEBEF0 /* UIScreen.swift in Sources */,
				84C26F9D276B85CE00BEBEF0 /* Assets-Constants.swift in Sources */,
			);
			runOnlyForDeploymentPostprocessing = 0;
		};
/* End PBXSourcesBuildPhase section */

/* Begin XCBuildConfiguration section */
		84C26F89276B727700BEBEF0 /* Debug */ = {
			isa = XCBuildConfiguration;
			buildSettings = {
				ALWAYS_SEARCH_USER_PATHS = NO;
				CLANG_ANALYZER_NONNULL = YES;
				CLANG_ANALYZER_NUMBER_OBJECT_CONVERSION = YES_AGGRESSIVE;
				CLANG_CXX_LANGUAGE_STANDARD = "gnu++17";
				CLANG_CXX_LIBRARY = "libc++";
				CLANG_ENABLE_MODULES = YES;
				CLANG_ENABLE_OBJC_ARC = YES;
				CLANG_ENABLE_OBJC_WEAK = YES;
				CLANG_WARN_BLOCK_CAPTURE_AUTORELEASING = YES;
				CLANG_WARN_BOOL_CONVERSION = YES;
				CLANG_WARN_COMMA = YES;
				CLANG_WARN_CONSTANT_CONVERSION = YES;
				CLANG_WARN_DEPRECATED_OBJC_IMPLEMENTATIONS = YES;
				CLANG_WARN_DIRECT_OBJC_ISA_USAGE = YES_ERROR;
				CLANG_WARN_DOCUMENTATION_COMMENTS = YES;
				CLANG_WARN_EMPTY_BODY = YES;
				CLANG_WARN_ENUM_CONVERSION = YES;
				CLANG_WARN_INFINITE_RECURSION = YES;
				CLANG_WARN_INT_CONVERSION = YES;
				CLANG_WARN_NON_LITERAL_NULL_CONVERSION = YES;
				CLANG_WARN_OBJC_IMPLICIT_RETAIN_SELF = YES;
				CLANG_WARN_OBJC_LITERAL_CONVERSION = YES;
				CLANG_WARN_OBJC_ROOT_CLASS = YES_ERROR;
				CLANG_WARN_QUOTED_INCLUDE_IN_FRAMEWORK_HEADER = YES;
				CLANG_WARN_RANGE_LOOP_ANALYSIS = YES;
				CLANG_WARN_STRICT_PROTOTYPES = YES;
				CLANG_WARN_SUSPICIOUS_MOVE = YES;
				CLANG_WARN_UNGUARDED_AVAILABILITY = YES_AGGRESSIVE;
				CLANG_WARN_UNREACHABLE_CODE = YES;
				CLANG_WARN__DUPLICATE_METHOD_MATCH = YES;
				COPY_PHASE_STRIP = NO;
				DEBUG_INFORMATION_FORMAT = dwarf;
				ENABLE_STRICT_OBJC_MSGSEND = YES;
				ENABLE_TESTABILITY = YES;
				GCC_C_LANGUAGE_STANDARD = gnu11;
				GCC_DYNAMIC_NO_PIC = NO;
				GCC_NO_COMMON_BLOCKS = YES;
				GCC_OPTIMIZATION_LEVEL = 0;
				GCC_PREPROCESSOR_DEFINITIONS = (
					"DEBUG=1",
					"$(inherited)",
				);
				GCC_WARN_64_TO_32_BIT_CONVERSION = YES;
				GCC_WARN_ABOUT_RETURN_TYPE = YES_ERROR;
				GCC_WARN_UNDECLARED_SELECTOR = YES;
				GCC_WARN_UNINITIALIZED_AUTOS = YES_AGGRESSIVE;
				GCC_WARN_UNUSED_FUNCTION = YES;
				GCC_WARN_UNUSED_VARIABLE = YES;
				IPHONEOS_DEPLOYMENT_TARGET = 14.0;
				MTL_ENABLE_DEBUG_INFO = INCLUDE_SOURCE;
				MTL_FAST_MATH = YES;
				ONLY_ACTIVE_ARCH = YES;
				SDKROOT = iphoneos;
				SWIFT_ACTIVE_COMPILATION_CONDITIONS = DEBUG;
				SWIFT_OPTIMIZATION_LEVEL = "-Onone";
			};
			name = Debug;
		};
		84C26F8A276B727700BEBEF0 /* Release */ = {
			isa = XCBuildConfiguration;
			buildSettings = {
				ALWAYS_SEARCH_USER_PATHS = NO;
				CLANG_ANALYZER_NONNULL = YES;
				CLANG_ANALYZER_NUMBER_OBJECT_CONVERSION = YES_AGGRESSIVE;
				CLANG_CXX_LANGUAGE_STANDARD = "gnu++17";
				CLANG_CXX_LIBRARY = "libc++";
				CLANG_ENABLE_MODULES = YES;
				CLANG_ENABLE_OBJC_ARC = YES;
				CLANG_ENABLE_OBJC_WEAK = YES;
				CLANG_WARN_BLOCK_CAPTURE_AUTORELEASING = YES;
				CLANG_WARN_BOOL_CONVERSION = YES;
				CLANG_WARN_COMMA = YES;
				CLANG_WARN_CONSTANT_CONVERSION = YES;
				CLANG_WARN_DEPRECATED_OBJC_IMPLEMENTATIONS = YES;
				CLANG_WARN_DIRECT_OBJC_ISA_USAGE = YES_ERROR;
				CLANG_WARN_DOCUMENTATION_COMMENTS = YES;
				CLANG_WARN_EMPTY_BODY = YES;
				CLANG_WARN_ENUM_CONVERSION = YES;
				CLANG_WARN_INFINITE_RECURSION = YES;
				CLANG_WARN_INT_CONVERSION = YES;
				CLANG_WARN_NON_LITERAL_NULL_CONVERSION = YES;
				CLANG_WARN_OBJC_IMPLICIT_RETAIN_SELF = YES;
				CLANG_WARN_OBJC_LITERAL_CONVERSION = YES;
				CLANG_WARN_OBJC_ROOT_CLASS = YES_ERROR;
				CLANG_WARN_QUOTED_INCLUDE_IN_FRAMEWORK_HEADER = YES;
				CLANG_WARN_RANGE_LOOP_ANALYSIS = YES;
				CLANG_WARN_STRICT_PROTOTYPES = YES;
				CLANG_WARN_SUSPICIOUS_MOVE = YES;
				CLANG_WARN_UNGUARDED_AVAILABILITY = YES_AGGRESSIVE;
				CLANG_WARN_UNREACHABLE_CODE = YES;
				CLANG_WARN__DUPLICATE_METHOD_MATCH = YES;
				COPY_PHASE_STRIP = NO;
				DEBUG_INFORMATION_FORMAT = "dwarf-with-dsym";
				ENABLE_NS_ASSERTIONS = NO;
				ENABLE_STRICT_OBJC_MSGSEND = YES;
				GCC_C_LANGUAGE_STANDARD = gnu11;
				GCC_NO_COMMON_BLOCKS = YES;
				GCC_WARN_64_TO_32_BIT_CONVERSION = YES;
				GCC_WARN_ABOUT_RETURN_TYPE = YES_ERROR;
				GCC_WARN_UNDECLARED_SELECTOR = YES;
				GCC_WARN_UNINITIALIZED_AUTOS = YES_AGGRESSIVE;
				GCC_WARN_UNUSED_FUNCTION = YES;
				GCC_WARN_UNUSED_VARIABLE = YES;
				IPHONEOS_DEPLOYMENT_TARGET = 14.0;
				MTL_ENABLE_DEBUG_INFO = NO;
				MTL_FAST_MATH = YES;
				SDKROOT = iphoneos;
				SWIFT_COMPILATION_MODE = wholemodule;
				SWIFT_OPTIMIZATION_LEVEL = "-O";
				VALIDATE_PRODUCT = YES;
			};
			name = Release;
		};
		84C26F8C276B727700BEBEF0 /* Debug */ = {
			isa = XCBuildConfiguration;
			baseConfigurationReference = 378FD58BACD41F008FCC5F3F /* Pods-ToDoDaily.debug.xcconfig */;
			buildSettings = {
				ASSETCATALOG_COMPILER_APPICON_NAME = AppIcon;
				ASSETCATALOG_COMPILER_GLOBAL_ACCENT_COLOR_NAME = AccentColor;
				CODE_SIGN_STYLE = Automatic;
				CURRENT_PROJECT_VERSION = 1;
				DEVELOPMENT_ASSET_PATHS = "\"ToDoDaily/Preview Content\"";
				DEVELOPMENT_TEAM = G68HFXQ7G5;
				ENABLE_PREVIEWS = YES;
				GENERATE_INFOPLIST_FILE = YES;
				GOOGLE_PLIST_NAME = "GoogleService-Info.plist";
				INFOPLIST_FILE = ToDoDaily/Info.plist;
				INFOPLIST_KEY_UIApplicationSceneManifest_Generation = YES;
				INFOPLIST_KEY_UIApplicationSupportsIndirectInputEvents = YES;
				INFOPLIST_KEY_UILaunchScreen_Generation = YES;
				INFOPLIST_KEY_UILaunchStoryboardName = "Launch Screen";
				INFOPLIST_KEY_UISupportedInterfaceOrientations_iPad = "UIInterfaceOrientationPortrait UIInterfaceOrientationPortraitUpsideDown UIInterfaceOrientationLandscapeLeft UIInterfaceOrientationLandscapeRight";
				INFOPLIST_KEY_UISupportedInterfaceOrientations_iPhone = "UIInterfaceOrientationPortrait UIInterfaceOrientationLandscapeLeft UIInterfaceOrientationLandscapeRight";
				IPHONEOS_DEPLOYMENT_TARGET = 14.0;
				LD_RUNPATH_SEARCH_PATHS = (
					"$(inherited)",
					"@executable_path/Frameworks",
				);
				MARKETING_VERSION = 1.0;
				PRODUCT_BUNDLE_IDENTIFIER = internal.ToDoDaily;
				PRODUCT_NAME = "$(TARGET_NAME)";
				SWIFT_EMIT_LOC_STRINGS = YES;
				SWIFT_VERSION = 5.0;
				TARGETED_DEVICE_FAMILY = 1;
			};
			name = Debug;
		};
		84C26F8D276B727700BEBEF0 /* Release */ = {
			isa = XCBuildConfiguration;
			baseConfigurationReference = 5D595A9983B29CD103043183 /* Pods-ToDoDaily.release.xcconfig */;
			buildSettings = {
				ASSETCATALOG_COMPILER_APPICON_NAME = AppIcon;
				ASSETCATALOG_COMPILER_GLOBAL_ACCENT_COLOR_NAME = AccentColor;
				CODE_SIGN_STYLE = Automatic;
				CURRENT_PROJECT_VERSION = 1;
				DEVELOPMENT_ASSET_PATHS = "\"ToDoDaily/Preview Content\"";
				DEVELOPMENT_TEAM = G68HFXQ7G5;
				ENABLE_PREVIEWS = YES;
				GENERATE_INFOPLIST_FILE = YES;
				GOOGLE_PLIST_NAME = "GoogleService-Info.plist";
				INFOPLIST_FILE = ToDoDaily/Info.plist;
				INFOPLIST_KEY_UIApplicationSceneManifest_Generation = YES;
				INFOPLIST_KEY_UIApplicationSupportsIndirectInputEvents = YES;
				INFOPLIST_KEY_UILaunchScreen_Generation = YES;
				INFOPLIST_KEY_UILaunchStoryboardName = "Launch Screen";
				INFOPLIST_KEY_UISupportedInterfaceOrientations_iPad = "UIInterfaceOrientationPortrait UIInterfaceOrientationPortraitUpsideDown UIInterfaceOrientationLandscapeLeft UIInterfaceOrientationLandscapeRight";
				INFOPLIST_KEY_UISupportedInterfaceOrientations_iPhone = "UIInterfaceOrientationPortrait UIInterfaceOrientationLandscapeLeft UIInterfaceOrientationLandscapeRight";
				IPHONEOS_DEPLOYMENT_TARGET = 14.0;
				LD_RUNPATH_SEARCH_PATHS = (
					"$(inherited)",
					"@executable_path/Frameworks",
				);
				MARKETING_VERSION = 1.0;
				PRODUCT_BUNDLE_IDENTIFIER = internal.ToDoDaily;
				PRODUCT_NAME = "$(TARGET_NAME)";
				SWIFT_EMIT_LOC_STRINGS = YES;
				SWIFT_VERSION = 5.0;
				TARGETED_DEVICE_FAMILY = 1;
			};
			name = Release;
		};
		84C26F92276B7C2000BEBEF0 /* Debug */ = {
			isa = XCBuildConfiguration;
			buildSettings = {
				CODE_SIGN_STYLE = Automatic;
				DEVELOPMENT_TEAM = G68HFXQ7G5;
				PRODUCT_NAME = "$(TARGET_NAME)";
			};
			name = Debug;
		};
		84C26F93276B7C2000BEBEF0 /* Release */ = {
			isa = XCBuildConfiguration;
			buildSettings = {
				CODE_SIGN_STYLE = Automatic;
				DEVELOPMENT_TEAM = G68HFXQ7G5;
				PRODUCT_NAME = "$(TARGET_NAME)";
			};
			name = Release;
		};
/* End XCBuildConfiguration section */

/* Begin XCConfigurationList section */
		84C26F73276B727400BEBEF0 /* Build configuration list for PBXProject "ToDoDaily" */ = {
			isa = XCConfigurationList;
			buildConfigurations = (
				84C26F89276B727700BEBEF0 /* Debug */,
				84C26F8A276B727700BEBEF0 /* Release */,
			);
			defaultConfigurationIsVisible = 0;
			defaultConfigurationName = Release;
		};
		84C26F8B276B727700BEBEF0 /* Build configuration list for PBXNativeTarget "ToDoDaily" */ = {
			isa = XCConfigurationList;
			buildConfigurations = (
				84C26F8C276B727700BEBEF0 /* Debug */,
				84C26F8D276B727700BEBEF0 /* Release */,
			);
			defaultConfigurationIsVisible = 0;
			defaultConfigurationName = Release;
		};
		84C26F94276B7C2000BEBEF0 /* Build configuration list for PBXAggregateTarget "Code Generation" */ = {
			isa = XCConfigurationList;
			buildConfigurations = (
				84C26F92276B7C2000BEBEF0 /* Debug */,
				84C26F93276B7C2000BEBEF0 /* Release */,
			);
			defaultConfigurationIsVisible = 0;
			defaultConfigurationName = Release;
		};
/* End XCConfigurationList section */

/* Begin XCRemoteSwiftPackageReference section */
		84F54F08276E735100D843B2 /* XCRemoteSwiftPackageReference "firebase-ios-sdk" */ = {
			isa = XCRemoteSwiftPackageReference;
			repositoryURL = "https://github.com/firebase/firebase-ios-sdk";
			requirement = {
				branch = master;
				kind = branch;
			};
		};
		84F54F0B276E780900D843B2 /* XCRemoteSwiftPackageReference "GoogleSignIn-iOS" */ = {
			isa = XCRemoteSwiftPackageReference;
			repositoryURL = "https://github.com/google/GoogleSignIn-iOS";
			requirement = {
				kind = upToNextMajorVersion;
				minimumVersion = 6.0.0;
			};
		};
/* End XCRemoteSwiftPackageReference section */

/* Begin XCSwiftPackageProductDependency section */
		84F54F09276E772B00D843B2 /* FirebaseAuth */ = {
			isa = XCSwiftPackageProductDependency;
			package = 84F54F08276E735100D843B2 /* XCRemoteSwiftPackageReference "firebase-ios-sdk" */;
			productName = FirebaseAuth;
		};
		84F54F0C276E780900D843B2 /* GoogleSignIn */ = {
			isa = XCSwiftPackageProductDependency;
			package = 84F54F0B276E780900D843B2 /* XCRemoteSwiftPackageReference "GoogleSignIn-iOS" */;
			productName = GoogleSignIn;
		};
/* End XCSwiftPackageProductDependency section */

/* Begin XCVersionGroup section */
		84C26F86276B727700BEBEF0 /* ToDoDaily.xcdatamodeld */ = {
			isa = XCVersionGroup;
			children = (
				84C26F87276B727700BEBEF0 /* ToDoDaily.xcdatamodel */,
			);
			currentVersion = 84C26F87276B727700BEBEF0 /* ToDoDaily.xcdatamodel */;
			path = ToDoDaily.xcdatamodeld;
			sourceTree = "<group>";
			versionGroupType = wrapper.xcdatamodel;
		};
/* End XCVersionGroup section */
	};
	rootObject = 84C26F70276B727400BEBEF0 /* Project object */;
}
