// !$*UTF8*$!
{
	archiveVersion = 1;
	classes = {
	};
	objectVersion = 55;
	objects = {

/* Begin PBXAggregateTarget section */
		84C26F91276B7C2000BEBEF0 /* Code Generation */ = {
			isa = PBXAggregateTarget;
			buildConfigurationList = 84C26F94276B7C2000BEBEF0 /* Build configuration list for PBXAggregateTarget "Code Generation" */;
			buildPhases = (
				84C26F95276B7C2700BEBEF0 /* SwiftGen */,
			);
			dependencies = (
			);
			name = "Code Generation";
			productName = "Code Generation";
		};
/* End PBXAggregateTarget section */

/* Begin PBXBuildFile section */
		8402DFFE279B57B2003957A2 /* NetworkAgent.swift in Sources */ = {isa = PBXBuildFile; fileRef = 8402DFFD279B57B2003957A2 /* NetworkAgent.swift */; };
		8402E000279B5858003957A2 /* FirebaseNetworkAgent.swift in Sources */ = {isa = PBXBuildFile; fileRef = 8402DFFF279B5858003957A2 /* FirebaseNetworkAgent.swift */; };
		8402E002279B5CF3003957A2 /* TaskItem.swift in Sources */ = {isa = PBXBuildFile; fileRef = 8402E001279B5CF3003957A2 /* TaskItem.swift */; };
		8402E004279C1714003957A2 /* TaskDataStorage.swift in Sources */ = {isa = PBXBuildFile; fileRef = 8402E003279C1714003957A2 /* TaskDataStorage.swift */; };
		8402E008279F587B003957A2 /* NSManagedObjectContext.swift in Sources */ = {isa = PBXBuildFile; fileRef = 8402E007279F587B003957A2 /* NSManagedObjectContext.swift */; };
		8402E00D27A36266003957A2 /* TaskPresentation.swift in Sources */ = {isa = PBXBuildFile; fileRef = 8402E00C27A36266003957A2 /* TaskPresentation.swift */; };
		8402E00F27A3668C003957A2 /* MockNetworkAgent.swift in Sources */ = {isa = PBXBuildFile; fileRef = 8402E00E27A3668C003957A2 /* MockNetworkAgent.swift */; };
		8402E01127A3F62B003957A2 /* NotificationScheduler.swift in Sources */ = {isa = PBXBuildFile; fileRef = 8402E01027A3F62B003957A2 /* NotificationScheduler.swift */; };
		841C1248276D0AE900EDEFD8 /* RootViewModel.swift in Sources */ = {isa = PBXBuildFile; fileRef = 841C1247276D0AE900EDEFD8 /* RootViewModel.swift */; };
		841C124C276D0DCC00EDEFD8 /* MainView.swift in Sources */ = {isa = PBXBuildFile; fileRef = 841C124B276D0DCC00EDEFD8 /* MainView.swift */; };
		841C124F276D10C900EDEFD8 /* LoginViewModel.swift in Sources */ = {isa = PBXBuildFile; fileRef = 841C124E276D10C900EDEFD8 /* LoginViewModel.swift */; };
		841C1251276D54C800EDEFD8 /* InteractiveViewModel.swift in Sources */ = {isa = PBXBuildFile; fileRef = 841C1250276D54C800EDEFD8 /* InteractiveViewModel.swift */; };
		841C1253276D64F200EDEFD8 /* UIApplication.swift in Sources */ = {isa = PBXBuildFile; fileRef = 841C1252276D64F200EDEFD8 /* UIApplication.swift */; };
		841C1255276E308D00EDEFD8 /* Logger.swift in Sources */ = {isa = PBXBuildFile; fileRef = 841C1254276E308D00EDEFD8 /* Logger.swift */; };
		841E7E29277F373300C25895 /* Storage.strings in Resources */ = {isa = PBXBuildFile; fileRef = 841E7E28277F373200C25895 /* Storage.strings */; };
		841E7E2B277F3E8800C25895 /* APIErrors.strings in Resources */ = {isa = PBXBuildFile; fileRef = 841E7E2A277F3E8800C25895 /* APIErrors.strings */; };
		841E7E2D277F3F5100C25895 /* Profile.strings in Resources */ = {isa = PBXBuildFile; fileRef = 841E7E2C277F3F5100C25895 /* Profile.strings */; };
		841E7E2F277F403C00C25895 /* SFSymbols.swift in Sources */ = {isa = PBXBuildFile; fileRef = 841E7E2E277F403C00C25895 /* SFSymbols.swift */; };
		8436EEC02796343000D2BBD0 /* Grid in Frameworks */ = {isa = PBXBuildFile; productRef = 8436EEBF2796343000D2BBD0 /* Grid */; };
		8436EEC22799E7C900D2BBD0 /* PreferencesContainer.swift in Sources */ = {isa = PBXBuildFile; fileRef = 8436EEC12799E7C800D2BBD0 /* PreferencesContainer.swift */; };
		8436EEC4279AC0D700D2BBD0 /* FirebaseFirestore in Frameworks */ = {isa = PBXBuildFile; productRef = 8436EEC3279AC0D700D2BBD0 /* FirebaseFirestore */; };
		8436EEC6279ACB5B00D2BBD0 /* Optional.swift in Sources */ = {isa = PBXBuildFile; fileRef = 8436EEC5279ACB5B00D2BBD0 /* Optional.swift */; };
		8436EECD279AD80B00D2BBD0 /* TasksCollectionListenerDescriptor.swift in Sources */ = {isa = PBXBuildFile; fileRef = 8436EECC279AD80B00D2BBD0 /* TasksCollectionListenerDescriptor.swift */; };
		8436EECF279AD91700D2BBD0 /* MainNetworking.swift in Sources */ = {isa = PBXBuildFile; fileRef = 8436EECE279AD91700D2BBD0 /* MainNetworking.swift */; };
		8436EED6279B19B200D2BBD0 /* JSONDecoder.swift in Sources */ = {isa = PBXBuildFile; fileRef = 8436EED5279B19B200D2BBD0 /* JSONDecoder.swift */; };
		8436EEDB279B1A1700D2BBD0 /* NetworkManager.swift in Sources */ = {isa = PBXBuildFile; fileRef = 8436EED8279B1A1700D2BBD0 /* NetworkManager.swift */; };
		8436EEDC279B1A1700D2BBD0 /* NetworkOperationDescriptors.swift in Sources */ = {isa = PBXBuildFile; fileRef = 8436EEDA279B1A1700D2BBD0 /* NetworkOperationDescriptors.swift */; };
		8465FBA0276C166A00CB2E1D /* GoogleService-Info.plist in Resources */ = {isa = PBXBuildFile; fileRef = 8465FB9F276C166A00CB2E1D /* GoogleService-Info.plist */; };
		8465FBA4276C1B8C00CB2E1D /* GoogleSignInButton.swift in Sources */ = {isa = PBXBuildFile; fileRef = 8465FBA3276C1B8C00CB2E1D /* GoogleSignInButton.swift */; };
		8465FBA7276CA2A900CB2E1D /* Typealiases.swift in Sources */ = {isa = PBXBuildFile; fileRef = 8465FBA6276CA2A900CB2E1D /* Typealiases.swift */; };
		8465FBA9276CBB8300CB2E1D /* Login.strings in Resources */ = {isa = PBXBuildFile; fileRef = 8465FBA8276CBB8300CB2E1D /* Login.strings */; };
		8465FBB9276CEE0400CB2E1D /* Roboto-Medium.ttf in Resources */ = {isa = PBXBuildFile; fileRef = 8465FBAC276CEE0400CB2E1D /* Roboto-Medium.ttf */; };
		8465FBBA276CEE0400CB2E1D /* Roboto-Light.ttf in Resources */ = {isa = PBXBuildFile; fileRef = 8465FBAD276CEE0400CB2E1D /* Roboto-Light.ttf */; };
		8465FBBB276CEE0400CB2E1D /* Roboto-Regular.ttf in Resources */ = {isa = PBXBuildFile; fileRef = 8465FBAE276CEE0400CB2E1D /* Roboto-Regular.ttf */; };
		8465FBBC276CEE0400CB2E1D /* Roboto-MediumItalic.ttf in Resources */ = {isa = PBXBuildFile; fileRef = 8465FBAF276CEE0400CB2E1D /* Roboto-MediumItalic.ttf */; };
		8465FBBD276CEE0400CB2E1D /* Roboto-ThinItalic.ttf in Resources */ = {isa = PBXBuildFile; fileRef = 8465FBB0276CEE0400CB2E1D /* Roboto-ThinItalic.ttf */; };
		8465FBBE276CEE0400CB2E1D /* Roboto-BoldItalic.ttf in Resources */ = {isa = PBXBuildFile; fileRef = 8465FBB1276CEE0400CB2E1D /* Roboto-BoldItalic.ttf */; };
		8465FBBF276CEE0400CB2E1D /* Roboto-LightItalic.ttf in Resources */ = {isa = PBXBuildFile; fileRef = 8465FBB2276CEE0400CB2E1D /* Roboto-LightItalic.ttf */; };
		8465FBC0276CEE0400CB2E1D /* Roboto-Italic.ttf in Resources */ = {isa = PBXBuildFile; fileRef = 8465FBB3276CEE0400CB2E1D /* Roboto-Italic.ttf */; };
		8465FBC1276CEE0400CB2E1D /* LICENSE.txt in Resources */ = {isa = PBXBuildFile; fileRef = 8465FBB4276CEE0400CB2E1D /* LICENSE.txt */; };
		8465FBC2276CEE0400CB2E1D /* Roboto-BlackItalic.ttf in Resources */ = {isa = PBXBuildFile; fileRef = 8465FBB5276CEE0400CB2E1D /* Roboto-BlackItalic.ttf */; };
		8465FBC3276CEE0400CB2E1D /* Roboto-Bold.ttf in Resources */ = {isa = PBXBuildFile; fileRef = 8465FBB6276CEE0400CB2E1D /* Roboto-Bold.ttf */; };
		8465FBC4276CEE0400CB2E1D /* Roboto-Thin.ttf in Resources */ = {isa = PBXBuildFile; fileRef = 8465FBB7276CEE0400CB2E1D /* Roboto-Thin.ttf */; };
		8465FBC5276CEE0400CB2E1D /* Roboto-Black.ttf in Resources */ = {isa = PBXBuildFile; fileRef = 8465FBB8276CEE0400CB2E1D /* Roboto-Black.ttf */; };
		8465FBC7276CEED500CB2E1D /* UIFont-Constants.swift in Sources */ = {isa = PBXBuildFile; fileRef = 8465FBC6276CEED500CB2E1D /* UIFont-Constants.swift */; };
		8465FBCA276CF0EE00CB2E1D /* Font.swift in Sources */ = {isa = PBXBuildFile; fileRef = 8465FBC9276CF0EE00CB2E1D /* Font.swift */; };
		8465FBCC276CF2DA00CB2E1D /* View.swift in Sources */ = {isa = PBXBuildFile; fileRef = 8465FBCB276CF2DA00CB2E1D /* View.swift */; };
		8465FBCF276CF9FD00CB2E1D /* SecondaryButtonStyle.swift in Sources */ = {isa = PBXBuildFile; fileRef = 8465FBCE276CF9FD00CB2E1D /* SecondaryButtonStyle.swift */; };
		8465FBD2276CFCB700CB2E1D /* FirebaseAuthManager.swift in Sources */ = {isa = PBXBuildFile; fileRef = 8465FBD1276CFCB700CB2E1D /* FirebaseAuthManager.swift */; };
		8465FBD4276CFE5400CB2E1D /* DefaultsManager.swift in Sources */ = {isa = PBXBuildFile; fileRef = 8465FBD3276CFE5400CB2E1D /* DefaultsManager.swift */; };
		8465FBD6276D01FD00CB2E1D /* Services.swift in Sources */ = {isa = PBXBuildFile; fileRef = 8465FBD5276D01FD00CB2E1D /* Services.swift */; };
		8465FBD9276D033D00CB2E1D /* Routing.swift in Sources */ = {isa = PBXBuildFile; fileRef = 8465FBD8276D033D00CB2E1D /* Routing.swift */; };
		8465FBE0276D04BB00CB2E1D /* RootView.swift in Sources */ = {isa = PBXBuildFile; fileRef = 8465FBDF276D04BB00CB2E1D /* RootView.swift */; };
		8465FBE2276D04C600CB2E1D /* RootRouter.swift in Sources */ = {isa = PBXBuildFile; fileRef = 8465FBE1276D04C600CB2E1D /* RootRouter.swift */; };
		8471D347277675D400CB4E1F /* ImagePicker in Frameworks */ = {isa = PBXBuildFile; productRef = 8471D346277675D400CB4E1F /* ImagePicker */; };
		8471D3492776777E00CB4E1F /* InfoPlist.strings in Resources */ = {isa = PBXBuildFile; fileRef = 8471D3482776777E00CB4E1F /* InfoPlist.strings */; };
		8471D34D277B321000CB4E1F /* Environment.swift in Sources */ = {isa = PBXBuildFile; fileRef = 8471D34C277B321000CB4E1F /* Environment.swift */; };
		8471D350277B59F600CB4E1F /* CircularHUDModifier.swift in Sources */ = {isa = PBXBuildFile; fileRef = 8471D34F277B59F600CB4E1F /* CircularHUDModifier.swift */; };
		8471D353277B687A00CB4E1F /* FirebaseStorage.swift in Sources */ = {isa = PBXBuildFile; fileRef = 8471D352277B687A00CB4E1F /* FirebaseStorage.swift */; };
		8471D355277B68BF00CB4E1F /* FirebaseStorage in Frameworks */ = {isa = PBXBuildFile; productRef = 8471D354277B68BF00CB4E1F /* FirebaseStorage */; };
		8475B407278724E8006E8449 /* UserDataContainer.swift in Sources */ = {isa = PBXBuildFile; fileRef = 8475B406278724E8006E8449 /* UserDataContainer.swift */; };
		84A513AD278C802C005309B3 /* TaskDetailsView.swift in Sources */ = {isa = PBXBuildFile; fileRef = 84A513AC278C802C005309B3 /* TaskDetailsView.swift */; };
		84A513AF278C8080005309B3 /* TaskDetailsViewModel.swift in Sources */ = {isa = PBXBuildFile; fileRef = 84A513AE278C8080005309B3 /* TaskDetailsViewModel.swift */; };
		84A513B5278C8BF7005309B3 /* CharacterLimit in Frameworks */ = {isa = PBXBuildFile; productRef = 84A513B4278C8BF7005309B3 /* CharacterLimit */; };
		84A513B7278CDBCC005309B3 /* TaskDetails.strings in Resources */ = {isa = PBXBuildFile; fileRef = 84A513B6278CDBCC005309B3 /* TaskDetails.strings */; };
		84A513BA278CE1F1005309B3 /* PermissionManager in Frameworks */ = {isa = PBXBuildFile; productRef = 84A513B9278CE1F1005309B3 /* PermissionManager */; };
		84C26F80276B727700BEBEF0 /* Images.xcassets in Resources */ = {isa = PBXBuildFile; fileRef = 84C26F7F276B727700BEBEF0 /* Images.xcassets */; };
		84C26F83276B727700BEBEF0 /* Preview Assets.xcassets in Resources */ = {isa = PBXBuildFile; fileRef = 84C26F82276B727700BEBEF0 /* Preview Assets.xcassets */; };
		84C26F85276B727700BEBEF0 /* Persistence.swift in Sources */ = {isa = PBXBuildFile; fileRef = 84C26F84276B727700BEBEF0 /* Persistence.swift */; };
		84C26F88276B727700BEBEF0 /* ToDoDaily.xcdatamodeld in Sources */ = {isa = PBXBuildFile; fileRef = 84C26F86276B727700BEBEF0 /* ToDoDaily.xcdatamodeld */; };
		84C26F9B276B854500BEBEF0 /* Colors.xcassets in Resources */ = {isa = PBXBuildFile; fileRef = 84C26F9A276B854500BEBEF0 /* Colors.xcassets */; };
		84C26F9D276B85CE00BEBEF0 /* Assets-Constants.swift in Sources */ = {isa = PBXBuildFile; fileRef = 84C26F9C276B85CE00BEBEF0 /* Assets-Constants.swift */; };
		84C26FA2276B8A5900BEBEF0 /* Launch Screen.storyboard in Resources */ = {isa = PBXBuildFile; fileRef = 84C26FA1276B8A5900BEBEF0 /* Launch Screen.storyboard */; };
		84C26FA7276B8C3B00BEBEF0 /* LoginView.swift in Sources */ = {isa = PBXBuildFile; fileRef = 84C26FA6276B8C3B00BEBEF0 /* LoginView.swift */; };
		84C26FB2276B9BE000BEBEF0 /* Application.strings in Resources */ = {isa = PBXBuildFile; fileRef = 84C26FB1276B9BE000BEBEF0 /* Application.strings */; };
		84C26FB4276B9C6000BEBEF0 /* Strings-Constants.swift in Sources */ = {isa = PBXBuildFile; fileRef = 84C26FB3276B9C6000BEBEF0 /* Strings-Constants.swift */; };
		84C26FB8276C0BD000BEBEF0 /* UIScreen.swift in Sources */ = {isa = PBXBuildFile; fileRef = 84C26FB7276C0BD000BEBEF0 /* UIScreen.swift */; };
		84C37ABA2780B86C005FB28F /* MainViewModel.swift in Sources */ = {isa = PBXBuildFile; fileRef = 84C37AB92780B86C005FB28F /* MainViewModel.swift */; };
		84C37ABD2780B9A5005FB28F /* MainRouter.swift in Sources */ = {isa = PBXBuildFile; fileRef = 84C37ABC2780B9A5005FB28F /* MainRouter.swift */; };
		84C37ABF2780F690005FB28F /* SettingsView.swift in Sources */ = {isa = PBXBuildFile; fileRef = 84C37ABE2780F690005FB28F /* SettingsView.swift */; };
		84C37AC12780F69E005FB28F /* SettingsViewModel.swift in Sources */ = {isa = PBXBuildFile; fileRef = 84C37AC02780F69E005FB28F /* SettingsViewModel.swift */; };
		84C37AC32780F6AB005FB28F /* SettingsRouter.swift in Sources */ = {isa = PBXBuildFile; fileRef = 84C37AC22780F6AB005FB28F /* SettingsRouter.swift */; };
		84CFB66B278EE496006270C8 /* TaskListCell.swift in Sources */ = {isa = PBXBuildFile; fileRef = 84CFB66A278EE496006270C8 /* TaskListCell.swift */; };
		84CFB66E278F0596006270C8 /* Collection.swift in Sources */ = {isa = PBXBuildFile; fileRef = 84CFB66D278F0596006270C8 /* Collection.swift */; };
		84CFB670278F2148006270C8 /* Date.swift in Sources */ = {isa = PBXBuildFile; fileRef = 84CFB66F278F2148006270C8 /* Date.swift */; };
		84CFB6722791A5D5006270C8 /* Main.strings in Resources */ = {isa = PBXBuildFile; fileRef = 84CFB6712791A5D5006270C8 /* Main.strings */; };
		84CFB67527924987006270C8 /* Lottie in Frameworks */ = {isa = PBXBuildFile; productRef = 84CFB67427924987006270C8 /* Lottie */; };
		84CFB67827924A3B006270C8 /* LottieView.swift in Sources */ = {isa = PBXBuildFile; fileRef = 84CFB67727924A3B006270C8 /* LottieView.swift */; };
		84CFB67A27924D75006270C8 /* TaskCompletedView.swift in Sources */ = {isa = PBXBuildFile; fileRef = 84CFB67927924D75006270C8 /* TaskCompletedView.swift */; };
		84CFB67F27924FA5006270C8 /* completed.json in Resources */ = {isa = PBXBuildFile; fileRef = 84CFB67E27924FA5006270C8 /* completed.json */; };
		84CFB72A2780FF6E00016AE0 /* SettingsItem.swift in Sources */ = {isa = PBXBuildFile; fileRef = 84CFB7292780FF6E00016AE0 /* SettingsItem.swift */; };
		84CFB72D2780FFB200016AE0 /* SettingsRow.swift in Sources */ = {isa = PBXBuildFile; fileRef = 84CFB72C2780FFB200016AE0 /* SettingsRow.swift */; };
		84CFB72F2781002800016AE0 /* Settings.strings in Resources */ = {isa = PBXBuildFile; fileRef = 84CFB72E2781002800016AE0 /* Settings.strings */; };
		84F54F0A276E772B00D843B2 /* FirebaseAuth in Frameworks */ = {isa = PBXBuildFile; productRef = 84F54F09276E772B00D843B2 /* FirebaseAuth */; settings = {ATTRIBUTES = (Required, ); }; };
		84F54F0D276E780900D843B2 /* GoogleSignIn in Frameworks */ = {isa = PBXBuildFile; productRef = 84F54F0C276E780900D843B2 /* GoogleSignIn */; };
		84F54F10276E7F9800D843B2 /* SwiftyBeaver in Frameworks */ = {isa = PBXBuildFile; productRef = 84F54F0F276E7F9800D843B2 /* SwiftyBeaver */; };
		84F54F18276EA16200D843B2 /* AppDelegate.swift in Sources */ = {isa = PBXBuildFile; fileRef = 84F54F17276EA16200D843B2 /* AppDelegate.swift */; };
		84F54F1A276EA34100D843B2 /* SceneDelegate.swift in Sources */ = {isa = PBXBuildFile; fileRef = 84F54F19276EA34100D843B2 /* SceneDelegate.swift */; };
		84F54F1C276EB07700D843B2 /* AppStateContainer.swift in Sources */ = {isa = PBXBuildFile; fileRef = 84F54F1B276EB07700D843B2 /* AppStateContainer.swift */; };
		84F54F1E276EB31400D843B2 /* RoutableView.swift in Sources */ = {isa = PBXBuildFile; fileRef = 84F54F1D276EB31400D843B2 /* RoutableView.swift */; };
		84F54F22277097F600D843B2 /* CircularHUD in Frameworks */ = {isa = PBXBuildFile; productRef = 84F54F21277097F600D843B2 /* CircularHUD */; };
		84F54F242770AB5C00D843B2 /* UIView.swift in Sources */ = {isa = PBXBuildFile; fileRef = 84F54F232770AB5C00D843B2 /* UIView.swift */; };
		84F54F2E2771F9AB00D843B2 /* Model in Frameworks */ = {isa = PBXBuildFile; productRef = 84F54F2D2771F9AB00D843B2 /* Model */; };
		84F54F312771FAC500D843B2 /* User.swift in Sources */ = {isa = PBXBuildFile; fileRef = 84F54F302771FAC500D843B2 /* User.swift */; };
		84F54F36277208B900D843B2 /* ProfileView.swift in Sources */ = {isa = PBXBuildFile; fileRef = 84F54F35277208B900D843B2 /* ProfileView.swift */; };
		84F54F382772091900D843B2 /* ProfileViewModel.swift in Sources */ = {isa = PBXBuildFile; fileRef = 84F54F372772091900D843B2 /* ProfileViewModel.swift */; };
		84F54F3B27731D0700D843B2 /* Validation in Frameworks */ = {isa = PBXBuildFile; productRef = 84F54F3A27731D0700D843B2 /* Validation */; };
		84F54F3E27734E5D00D843B2 /* WebImage in Frameworks */ = {isa = PBXBuildFile; productRef = 84F54F3D27734E5D00D843B2 /* WebImage */; };
		D028BF8665A8EAC338C1BB86 /* Pods_ToDoDaily.framework in Frameworks */ = {isa = PBXBuildFile; fileRef = 8486E40225582005AB4968ED /* Pods_ToDoDaily.framework */; };
/* End PBXBuildFile section */

/* Begin PBXFileReference section */
		378FD58BACD41F008FCC5F3F /* Pods-ToDoDaily.debug.xcconfig */ = {isa = PBXFileReference; includeInIndex = 1; lastKnownFileType = text.xcconfig; name = "Pods-ToDoDaily.debug.xcconfig"; path = "Target Support Files/Pods-ToDoDaily/Pods-ToDoDaily.debug.xcconfig"; sourceTree = "<group>"; };
		5D595A9983B29CD103043183 /* Pods-ToDoDaily.release.xcconfig */ = {isa = PBXFileReference; includeInIndex = 1; lastKnownFileType = text.xcconfig; name = "Pods-ToDoDaily.release.xcconfig"; path = "Target Support Files/Pods-ToDoDaily/Pods-ToDoDaily.release.xcconfig"; sourceTree = "<group>"; };
		8402DFFD279B57B2003957A2 /* NetworkAgent.swift */ = {isa = PBXFileReference; lastKnownFileType = sourcecode.swift; path = NetworkAgent.swift; sourceTree = "<group>"; };
		8402DFFF279B5858003957A2 /* FirebaseNetworkAgent.swift */ = {isa = PBXFileReference; lastKnownFileType = sourcecode.swift; path = FirebaseNetworkAgent.swift; sourceTree = "<group>"; };
		8402E001279B5CF3003957A2 /* TaskItem.swift */ = {isa = PBXFileReference; lastKnownFileType = sourcecode.swift; path = TaskItem.swift; sourceTree = "<group>"; };
		8402E003279C1714003957A2 /* TaskDataStorage.swift */ = {isa = PBXFileReference; lastKnownFileType = sourcecode.swift; path = TaskDataStorage.swift; sourceTree = "<group>"; };
		8402E005279D6F6C003957A2 /* ToDoDaily 2.xcdatamodel */ = {isa = PBXFileReference; lastKnownFileType = wrapper.xcdatamodel; path = "ToDoDaily 2.xcdatamodel"; sourceTree = "<group>"; };
		8402E007279F587B003957A2 /* NSManagedObjectContext.swift */ = {isa = PBXFileReference; lastKnownFileType = sourcecode.swift; path = NSManagedObjectContext.swift; sourceTree = "<group>"; };
		8402E00C27A36266003957A2 /* TaskPresentation.swift */ = {isa = PBXFileReference; lastKnownFileType = sourcecode.swift; path = TaskPresentation.swift; sourceTree = "<group>"; };
		8402E00E27A3668C003957A2 /* MockNetworkAgent.swift */ = {isa = PBXFileReference; lastKnownFileType = sourcecode.swift; path = MockNetworkAgent.swift; sourceTree = "<group>"; };
		8402E01027A3F62B003957A2 /* NotificationScheduler.swift */ = {isa = PBXFileReference; lastKnownFileType = sourcecode.swift; path = NotificationScheduler.swift; sourceTree = "<group>"; };
		841C1247276D0AE900EDEFD8 /* RootViewModel.swift */ = {isa = PBXFileReference; lastKnownFileType = sourcecode.swift; path = RootViewModel.swift; sourceTree = "<group>"; };
		841C124B276D0DCC00EDEFD8 /* MainView.swift */ = {isa = PBXFileReference; lastKnownFileType = sourcecode.swift; path = MainView.swift; sourceTree = "<group>"; };
		841C124E276D10C900EDEFD8 /* LoginViewModel.swift */ = {isa = PBXFileReference; lastKnownFileType = sourcecode.swift; path = LoginViewModel.swift; sourceTree = "<group>"; };
		841C1250276D54C800EDEFD8 /* InteractiveViewModel.swift */ = {isa = PBXFileReference; lastKnownFileType = sourcecode.swift; path = InteractiveViewModel.swift; sourceTree = "<group>"; };
		841C1252276D64F200EDEFD8 /* UIApplication.swift */ = {isa = PBXFileReference; lastKnownFileType = sourcecode.swift; path = UIApplication.swift; sourceTree = "<group>"; };
		841C1254276E308D00EDEFD8 /* Logger.swift */ = {isa = PBXFileReference; lastKnownFileType = sourcecode.swift; path = Logger.swift; sourceTree = "<group>"; };
		841E7E28277F373200C25895 /* Storage.strings */ = {isa = PBXFileReference; lastKnownFileType = text.plist.strings; path = Storage.strings; sourceTree = "<group>"; };
		841E7E2A277F3E8800C25895 /* APIErrors.strings */ = {isa = PBXFileReference; lastKnownFileType = text.plist.strings; path = APIErrors.strings; sourceTree = "<group>"; };
		841E7E2C277F3F5100C25895 /* Profile.strings */ = {isa = PBXFileReference; lastKnownFileType = text.plist.strings; path = Profile.strings; sourceTree = "<group>"; };
		841E7E2E277F403C00C25895 /* SFSymbols.swift */ = {isa = PBXFileReference; lastKnownFileType = sourcecode.swift; path = SFSymbols.swift; sourceTree = "<group>"; };
		8436EEC12799E7C800D2BBD0 /* PreferencesContainer.swift */ = {isa = PBXFileReference; lastKnownFileType = sourcecode.swift; path = PreferencesContainer.swift; sourceTree = "<group>"; };
		8436EEC5279ACB5B00D2BBD0 /* Optional.swift */ = {isa = PBXFileReference; lastKnownFileType = sourcecode.swift; path = Optional.swift; sourceTree = "<group>"; };
		8436EECC279AD80B00D2BBD0 /* TasksCollectionListenerDescriptor.swift */ = {isa = PBXFileReference; lastKnownFileType = sourcecode.swift; path = TasksCollectionListenerDescriptor.swift; sourceTree = "<group>"; };
		8436EECE279AD91700D2BBD0 /* MainNetworking.swift */ = {isa = PBXFileReference; lastKnownFileType = sourcecode.swift; path = MainNetworking.swift; sourceTree = "<group>"; };
		8436EED5279B19B200D2BBD0 /* JSONDecoder.swift */ = {isa = PBXFileReference; lastKnownFileType = sourcecode.swift; path = JSONDecoder.swift; sourceTree = "<group>"; };
		8436EED8279B1A1700D2BBD0 /* NetworkManager.swift */ = {isa = PBXFileReference; fileEncoding = 4; lastKnownFileType = sourcecode.swift; path = NetworkManager.swift; sourceTree = "<group>"; };
		8436EEDA279B1A1700D2BBD0 /* NetworkOperationDescriptors.swift */ = {isa = PBXFileReference; fileEncoding = 4; lastKnownFileType = sourcecode.swift; path = NetworkOperationDescriptors.swift; sourceTree = "<group>"; };
		8465FB9F276C166A00CB2E1D /* GoogleService-Info.plist */ = {isa = PBXFileReference; fileEncoding = 4; lastKnownFileType = text.plist.xml; path = "GoogleService-Info.plist"; sourceTree = "<group>"; };
		8465FBA3276C1B8C00CB2E1D /* GoogleSignInButton.swift */ = {isa = PBXFileReference; lastKnownFileType = sourcecode.swift; path = GoogleSignInButton.swift; sourceTree = "<group>"; };
		8465FBA6276CA2A900CB2E1D /* Typealiases.swift */ = {isa = PBXFileReference; lastKnownFileType = sourcecode.swift; path = Typealiases.swift; sourceTree = "<group>"; };
		8465FBA8276CBB8300CB2E1D /* Login.strings */ = {isa = PBXFileReference; lastKnownFileType = text.plist.strings; path = Login.strings; sourceTree = "<group>"; };
		8465FBAC276CEE0400CB2E1D /* Roboto-Medium.ttf */ = {isa = PBXFileReference; lastKnownFileType = file; path = "Roboto-Medium.ttf"; sourceTree = "<group>"; };
		8465FBAD276CEE0400CB2E1D /* Roboto-Light.ttf */ = {isa = PBXFileReference; lastKnownFileType = file; path = "Roboto-Light.ttf"; sourceTree = "<group>"; };
		8465FBAE276CEE0400CB2E1D /* Roboto-Regular.ttf */ = {isa = PBXFileReference; lastKnownFileType = file; path = "Roboto-Regular.ttf"; sourceTree = "<group>"; };
		8465FBAF276CEE0400CB2E1D /* Roboto-MediumItalic.ttf */ = {isa = PBXFileReference; lastKnownFileType = file; path = "Roboto-MediumItalic.ttf"; sourceTree = "<group>"; };
		8465FBB0276CEE0400CB2E1D /* Roboto-ThinItalic.ttf */ = {isa = PBXFileReference; lastKnownFileType = file; path = "Roboto-ThinItalic.ttf"; sourceTree = "<group>"; };
		8465FBB1276CEE0400CB2E1D /* Roboto-BoldItalic.ttf */ = {isa = PBXFileReference; lastKnownFileType = file; path = "Roboto-BoldItalic.ttf"; sourceTree = "<group>"; };
		8465FBB2276CEE0400CB2E1D /* Roboto-LightItalic.ttf */ = {isa = PBXFileReference; lastKnownFileType = file; path = "Roboto-LightItalic.ttf"; sourceTree = "<group>"; };
		8465FBB3276CEE0400CB2E1D /* Roboto-Italic.ttf */ = {isa = PBXFileReference; lastKnownFileType = file; path = "Roboto-Italic.ttf"; sourceTree = "<group>"; };
		8465FBB4276CEE0400CB2E1D /* LICENSE.txt */ = {isa = PBXFileReference; fileEncoding = 4; lastKnownFileType = text; path = LICENSE.txt; sourceTree = "<group>"; };
		8465FBB5276CEE0400CB2E1D /* Roboto-BlackItalic.ttf */ = {isa = PBXFileReference; lastKnownFileType = file; path = "Roboto-BlackItalic.ttf"; sourceTree = "<group>"; };
		8465FBB6276CEE0400CB2E1D /* Roboto-Bold.ttf */ = {isa = PBXFileReference; lastKnownFileType = file; path = "Roboto-Bold.ttf"; sourceTree = "<group>"; };
		8465FBB7276CEE0400CB2E1D /* Roboto-Thin.ttf */ = {isa = PBXFileReference; lastKnownFileType = file; path = "Roboto-Thin.ttf"; sourceTree = "<group>"; };
		8465FBB8276CEE0400CB2E1D /* Roboto-Black.ttf */ = {isa = PBXFileReference; lastKnownFileType = file; path = "Roboto-Black.ttf"; sourceTree = "<group>"; };
		8465FBC6276CEED500CB2E1D /* UIFont-Constants.swift */ = {isa = PBXFileReference; fileEncoding = 4; lastKnownFileType = sourcecode.swift; path = "UIFont-Constants.swift"; sourceTree = "<group>"; };
		8465FBC9276CF0EE00CB2E1D /* Font.swift */ = {isa = PBXFileReference; lastKnownFileType = sourcecode.swift; path = Font.swift; sourceTree = "<group>"; };
		8465FBCB276CF2DA00CB2E1D /* View.swift */ = {isa = PBXFileReference; lastKnownFileType = sourcecode.swift; path = View.swift; sourceTree = "<group>"; };
		8465FBCE276CF9FD00CB2E1D /* SecondaryButtonStyle.swift */ = {isa = PBXFileReference; lastKnownFileType = sourcecode.swift; path = SecondaryButtonStyle.swift; sourceTree = "<group>"; };
		8465FBD1276CFCB700CB2E1D /* FirebaseAuthManager.swift */ = {isa = PBXFileReference; lastKnownFileType = sourcecode.swift; path = FirebaseAuthManager.swift; sourceTree = "<group>"; };
		8465FBD3276CFE5400CB2E1D /* DefaultsManager.swift */ = {isa = PBXFileReference; lastKnownFileType = sourcecode.swift; path = DefaultsManager.swift; sourceTree = "<group>"; };
		8465FBD5276D01FD00CB2E1D /* Services.swift */ = {isa = PBXFileReference; lastKnownFileType = sourcecode.swift; path = Services.swift; sourceTree = "<group>"; };
		8465FBD8276D033D00CB2E1D /* Routing.swift */ = {isa = PBXFileReference; lastKnownFileType = sourcecode.swift; path = Routing.swift; sourceTree = "<group>"; };
		8465FBDF276D04BB00CB2E1D /* RootView.swift */ = {isa = PBXFileReference; lastKnownFileType = sourcecode.swift; path = RootView.swift; sourceTree = "<group>"; };
		8465FBE1276D04C600CB2E1D /* RootRouter.swift */ = {isa = PBXFileReference; lastKnownFileType = sourcecode.swift; path = RootRouter.swift; sourceTree = "<group>"; };
		8471D345277675AD00CB4E1F /* ImagePicker */ = {isa = PBXFileReference; lastKnownFileType = wrapper; path = ImagePicker; sourceTree = "<group>"; };
		8471D3482776777E00CB4E1F /* InfoPlist.strings */ = {isa = PBXFileReference; lastKnownFileType = text.plist.strings; path = InfoPlist.strings; sourceTree = "<group>"; };
		8471D34C277B321000CB4E1F /* Environment.swift */ = {isa = PBXFileReference; lastKnownFileType = sourcecode.swift; path = Environment.swift; sourceTree = "<group>"; };
		8471D34F277B59F600CB4E1F /* CircularHUDModifier.swift */ = {isa = PBXFileReference; lastKnownFileType = sourcecode.swift; path = CircularHUDModifier.swift; sourceTree = "<group>"; };
		8471D352277B687A00CB4E1F /* FirebaseStorage.swift */ = {isa = PBXFileReference; lastKnownFileType = sourcecode.swift; path = FirebaseStorage.swift; sourceTree = "<group>"; };
		8475B406278724E8006E8449 /* UserDataContainer.swift */ = {isa = PBXFileReference; lastKnownFileType = sourcecode.swift; path = UserDataContainer.swift; sourceTree = "<group>"; };
		8486E40225582005AB4968ED /* Pods_ToDoDaily.framework */ = {isa = PBXFileReference; explicitFileType = wrapper.framework; includeInIndex = 0; path = Pods_ToDoDaily.framework; sourceTree = BUILT_PRODUCTS_DIR; };
		84A5139F2789CF7F005309B3 /* CircularHUD */ = {isa = PBXFileReference; lastKnownFileType = wrapper; path = CircularHUD; sourceTree = "<group>"; };
		84A513AC278C802C005309B3 /* TaskDetailsView.swift */ = {isa = PBXFileReference; lastKnownFileType = sourcecode.swift; path = TaskDetailsView.swift; sourceTree = "<group>"; };
		84A513AE278C8080005309B3 /* TaskDetailsViewModel.swift */ = {isa = PBXFileReference; lastKnownFileType = sourcecode.swift; path = TaskDetailsViewModel.swift; sourceTree = "<group>"; };
		84A513B3278C8BD1005309B3 /* CharacterLimit */ = {isa = PBXFileReference; lastKnownFileType = wrapper; path = CharacterLimit; sourceTree = "<group>"; };
		84A513B6278CDBCC005309B3 /* TaskDetails.strings */ = {isa = PBXFileReference; lastKnownFileType = text.plist.strings; path = TaskDetails.strings; sourceTree = "<group>"; };
		84A513BB278CEB19005309B3 /* PermissionManager */ = {isa = PBXFileReference; lastKnownFileType = wrapper; path = PermissionManager; sourceTree = "<group>"; };
		84C26F78276B727400BEBEF0 /* ToDoDaily.app */ = {isa = PBXFileReference; explicitFileType = wrapper.application; includeInIndex = 0; path = ToDoDaily.app; sourceTree = BUILT_PRODUCTS_DIR; };
		84C26F7F276B727700BEBEF0 /* Images.xcassets */ = {isa = PBXFileReference; lastKnownFileType = folder.assetcatalog; path = Images.xcassets; sourceTree = "<group>"; };
		84C26F82276B727700BEBEF0 /* Preview Assets.xcassets */ = {isa = PBXFileReference; lastKnownFileType = folder.assetcatalog; path = "Preview Assets.xcassets"; sourceTree = "<group>"; };
		84C26F84276B727700BEBEF0 /* Persistence.swift */ = {isa = PBXFileReference; lastKnownFileType = sourcecode.swift; path = Persistence.swift; sourceTree = "<group>"; };
		84C26F87276B727700BEBEF0 /* ToDoDaily.xcdatamodel */ = {isa = PBXFileReference; lastKnownFileType = wrapper.xcdatamodel; path = ToDoDaily.xcdatamodel; sourceTree = "<group>"; };
		84C26F9A276B854500BEBEF0 /* Colors.xcassets */ = {isa = PBXFileReference; lastKnownFileType = folder.assetcatalog; path = Colors.xcassets; sourceTree = "<group>"; };
		84C26F9C276B85CE00BEBEF0 /* Assets-Constants.swift */ = {isa = PBXFileReference; fileEncoding = 4; lastKnownFileType = sourcecode.swift; path = "Assets-Constants.swift"; sourceTree = "<group>"; };
		84C26F9E276B884300BEBEF0 /* Info.plist */ = {isa = PBXFileReference; lastKnownFileType = text.plist.xml; path = Info.plist; sourceTree = "<group>"; };
		84C26FA1276B8A5900BEBEF0 /* Launch Screen.storyboard */ = {isa = PBXFileReference; lastKnownFileType = file.storyboard; path = "Launch Screen.storyboard"; sourceTree = "<group>"; };
		84C26FA6276B8C3B00BEBEF0 /* LoginView.swift */ = {isa = PBXFileReference; lastKnownFileType = sourcecode.swift; path = LoginView.swift; sourceTree = "<group>"; };
		84C26FB1276B9BE000BEBEF0 /* Application.strings */ = {isa = PBXFileReference; lastKnownFileType = text.plist.strings; path = Application.strings; sourceTree = "<group>"; };
		84C26FB3276B9C6000BEBEF0 /* Strings-Constants.swift */ = {isa = PBXFileReference; fileEncoding = 4; lastKnownFileType = sourcecode.swift; path = "Strings-Constants.swift"; sourceTree = "<group>"; };
		84C26FB7276C0BD000BEBEF0 /* UIScreen.swift */ = {isa = PBXFileReference; lastKnownFileType = sourcecode.swift; path = UIScreen.swift; sourceTree = "<group>"; };
		84C37AB92780B86C005FB28F /* MainViewModel.swift */ = {isa = PBXFileReference; lastKnownFileType = sourcecode.swift; path = MainViewModel.swift; sourceTree = "<group>"; };
		84C37ABC2780B9A5005FB28F /* MainRouter.swift */ = {isa = PBXFileReference; lastKnownFileType = sourcecode.swift; path = MainRouter.swift; sourceTree = "<group>"; };
		84C37ABE2780F690005FB28F /* SettingsView.swift */ = {isa = PBXFileReference; lastKnownFileType = sourcecode.swift; path = SettingsView.swift; sourceTree = "<group>"; };
		84C37AC02780F69E005FB28F /* SettingsViewModel.swift */ = {isa = PBXFileReference; lastKnownFileType = sourcecode.swift; path = SettingsViewModel.swift; sourceTree = "<group>"; };
		84C37AC22780F6AB005FB28F /* SettingsRouter.swift */ = {isa = PBXFileReference; lastKnownFileType = sourcecode.swift; path = SettingsRouter.swift; sourceTree = "<group>"; };
		84CFB66A278EE496006270C8 /* TaskListCell.swift */ = {isa = PBXFileReference; lastKnownFileType = sourcecode.swift; path = TaskListCell.swift; sourceTree = "<group>"; };
		84CFB66D278F0596006270C8 /* Collection.swift */ = {isa = PBXFileReference; lastKnownFileType = sourcecode.swift; path = Collection.swift; sourceTree = "<group>"; };
		84CFB66F278F2148006270C8 /* Date.swift */ = {isa = PBXFileReference; lastKnownFileType = sourcecode.swift; path = Date.swift; sourceTree = "<group>"; };
		84CFB6712791A5D5006270C8 /* Main.strings */ = {isa = PBXFileReference; lastKnownFileType = text.plist.strings; path = Main.strings; sourceTree = "<group>"; };
		84CFB67727924A3B006270C8 /* LottieView.swift */ = {isa = PBXFileReference; lastKnownFileType = sourcecode.swift; path = LottieView.swift; sourceTree = "<group>"; };
		84CFB67927924D75006270C8 /* TaskCompletedView.swift */ = {isa = PBXFileReference; lastKnownFileType = sourcecode.swift; path = TaskCompletedView.swift; sourceTree = "<group>"; };
		84CFB67E27924FA5006270C8 /* completed.json */ = {isa = PBXFileReference; fileEncoding = 4; lastKnownFileType = text.json; path = completed.json; sourceTree = "<group>"; };
		84CFB7292780FF6E00016AE0 /* SettingsItem.swift */ = {isa = PBXFileReference; lastKnownFileType = sourcecode.swift; path = SettingsItem.swift; sourceTree = "<group>"; };
		84CFB72C2780FFB200016AE0 /* SettingsRow.swift */ = {isa = PBXFileReference; lastKnownFileType = sourcecode.swift; path = SettingsRow.swift; sourceTree = "<group>"; };
		84CFB72E2781002800016AE0 /* Settings.strings */ = {isa = PBXFileReference; lastKnownFileType = text.plist.strings; path = Settings.strings; sourceTree = "<group>"; };
		84F54F17276EA16200D843B2 /* AppDelegate.swift */ = {isa = PBXFileReference; lastKnownFileType = sourcecode.swift; path = AppDelegate.swift; sourceTree = "<group>"; };
		84F54F19276EA34100D843B2 /* SceneDelegate.swift */ = {isa = PBXFileReference; lastKnownFileType = sourcecode.swift; path = SceneDelegate.swift; sourceTree = "<group>"; };
		84F54F1B276EB07700D843B2 /* AppStateContainer.swift */ = {isa = PBXFileReference; lastKnownFileType = sourcecode.swift; path = AppStateContainer.swift; sourceTree = "<group>"; };
		84F54F1D276EB31400D843B2 /* RoutableView.swift */ = {isa = PBXFileReference; fileEncoding = 4; lastKnownFileType = sourcecode.swift; path = RoutableView.swift; sourceTree = "<group>"; };
		84F54F232770AB5C00D843B2 /* UIView.swift */ = {isa = PBXFileReference; lastKnownFileType = sourcecode.swift; path = UIView.swift; sourceTree = "<group>"; };
		84F54F2C2771F99300D843B2 /* Model */ = {isa = PBXFileReference; lastKnownFileType = wrapper; path = Model; sourceTree = "<group>"; };
		84F54F302771FAC500D843B2 /* User.swift */ = {isa = PBXFileReference; lastKnownFileType = sourcecode.swift; path = User.swift; sourceTree = "<group>"; };
		84F54F35277208B900D843B2 /* ProfileView.swift */ = {isa = PBXFileReference; lastKnownFileType = sourcecode.swift; path = ProfileView.swift; sourceTree = "<group>"; };
		84F54F372772091900D843B2 /* ProfileViewModel.swift */ = {isa = PBXFileReference; lastKnownFileType = sourcecode.swift; path = ProfileViewModel.swift; sourceTree = "<group>"; };
		84F54F3927731CED00D843B2 /* Validation */ = {isa = PBXFileReference; lastKnownFileType = wrapper; path = Validation; sourceTree = "<group>"; };
		84F54F3C27732BEA00D843B2 /* WebImage */ = {isa = PBXFileReference; lastKnownFileType = wrapper; path = WebImage; sourceTree = "<group>"; };
/* End PBXFileReference section */

/* Begin PBXFrameworksBuildPhase section */
		84C26F75276B727400BEBEF0 /* Frameworks */ = {
			isa = PBXFrameworksBuildPhase;
			buildActionMask = 2147483647;
			files = (
				84CFB67527924987006270C8 /* Lottie in Frameworks */,
				84F54F2E2771F9AB00D843B2 /* Model in Frameworks */,
				84A513B5278C8BF7005309B3 /* CharacterLimit in Frameworks */,
				84F54F3E27734E5D00D843B2 /* WebImage in Frameworks */,
				D028BF8665A8EAC338C1BB86 /* Pods_ToDoDaily.framework in Frameworks */,
				8471D355277B68BF00CB4E1F /* FirebaseStorage in Frameworks */,
				84A513BA278CE1F1005309B3 /* PermissionManager in Frameworks */,
				84F54F0A276E772B00D843B2 /* FirebaseAuth in Frameworks */,
				8436EEC4279AC0D700D2BBD0 /* FirebaseFirestore in Frameworks */,
				84F54F0D276E780900D843B2 /* GoogleSignIn in Frameworks */,
				84F54F3B27731D0700D843B2 /* Validation in Frameworks */,
				8436EEC02796343000D2BBD0 /* Grid in Frameworks */,
				84F54F22277097F600D843B2 /* CircularHUD in Frameworks */,
				8471D347277675D400CB4E1F /* ImagePicker in Frameworks */,
				84F54F10276E7F9800D843B2 /* SwiftyBeaver in Frameworks */,
			);
			runOnlyForDeploymentPostprocessing = 0;
		};
/* End PBXFrameworksBuildPhase section */

/* Begin PBXGroup section */
		8402E006279F5854003957A2 /* CoreData */ = {
			isa = PBXGroup;
			children = (
				8402E007279F587B003957A2 /* NSManagedObjectContext.swift */,
			);
			path = CoreData;
			sourceTree = "<group>";
		};
		841C1246276D0AD700EDEFD8 /* ViewModels */ = {
			isa = PBXGroup;
			children = (
				841C1247276D0AE900EDEFD8 /* RootViewModel.swift */,
			);
			path = ViewModels;
			sourceTree = "<group>";
		};
		841C1249276D0DA000EDEFD8 /* Main */ = {
			isa = PBXGroup;
			children = (
				84CFB72B2780FFA000016AE0 /* Components */,
				84CFB7282780FF5C00016AE0 /* Models */,
				8436EECB279AD7DB00D2BBD0 /* Network */,
				84C37ABB2780B99A005FB28F /* Routing */,
				84C37AB82780B85E005FB28F /* ViewModels */,
				841C124A276D0DBF00EDEFD8 /* Views */,
			);
			path = Main;
			sourceTree = "<group>";
		};
		841C124A276D0DBF00EDEFD8 /* Views */ = {
			isa = PBXGroup;
			children = (
				84A513AC278C802C005309B3 /* TaskDetailsView.swift */,
				841C124B276D0DCC00EDEFD8 /* MainView.swift */,
				84C37ABE2780F690005FB28F /* SettingsView.swift */,
			);
			path = Views;
			sourceTree = "<group>";
		};
		841C124D276D10B500EDEFD8 /* ViewModels */ = {
			isa = PBXGroup;
			children = (
				841C124E276D10C900EDEFD8 /* LoginViewModel.swift */,
			);
			path = ViewModels;
			sourceTree = "<group>";
		};
		8436EECB279AD7DB00D2BBD0 /* Network */ = {
			isa = PBXGroup;
			children = (
				8436EECC279AD80B00D2BBD0 /* TasksCollectionListenerDescriptor.swift */,
				8436EECE279AD91700D2BBD0 /* MainNetworking.swift */,
			);
			path = Network;
			sourceTree = "<group>";
		};
		8436EED7279B1A1700D2BBD0 /* Network */ = {
			isa = PBXGroup;
			children = (
				8436EED9279B1A1700D2BBD0 /* Protocols */,
				8436EED8279B1A1700D2BBD0 /* NetworkManager.swift */,
				8402DFFF279B5858003957A2 /* FirebaseNetworkAgent.swift */,
				8402E00E27A3668C003957A2 /* MockNetworkAgent.swift */,
			);
			path = Network;
			sourceTree = "<group>";
		};
		8436EED9279B1A1700D2BBD0 /* Protocols */ = {
			isa = PBXGroup;
			children = (
				8402DFFD279B57B2003957A2 /* NetworkAgent.swift */,
				8436EEDA279B1A1700D2BBD0 /* NetworkOperationDescriptors.swift */,
			);
			path = Protocols;
			sourceTree = "<group>";
		};
		8465FB9E276C15D600CB2E1D /* Firebase */ = {
			isa = PBXGroup;
			children = (
				8465FB9F276C166A00CB2E1D /* GoogleService-Info.plist */,
			);
			path = Firebase;
			sourceTree = "<group>";
		};
		8465FBA2276C1B7D00CB2E1D /* Components */ = {
			isa = PBXGroup;
			children = (
				8465FBA3276C1B8C00CB2E1D /* GoogleSignInButton.swift */,
			);
			path = Components;
			sourceTree = "<group>";
		};
		8465FBA5276CA29900CB2E1D /* Reusable */ = {
			isa = PBXGroup;
			children = (
				84CFB67627924A15006270C8 /* Components */,
				8471D34E277B59D700CB4E1F /* ViewModifiers */,
				8465FBCD276CF9EB00CB2E1D /* ButtonStyle */,
				8465FBA6276CA2A900CB2E1D /* Typealiases.swift */,
			);
			path = Reusable;
			sourceTree = "<group>";
		};
		8465FBAA276CEE0400CB2E1D /* Fonts */ = {
			isa = PBXGroup;
			children = (
				8465FBAB276CEE0400CB2E1D /* Roboto */,
			);
			path = Fonts;
			sourceTree = "<group>";
		};
		8465FBAB276CEE0400CB2E1D /* Roboto */ = {
			isa = PBXGroup;
			children = (
				8465FBAC276CEE0400CB2E1D /* Roboto-Medium.ttf */,
				8465FBAD276CEE0400CB2E1D /* Roboto-Light.ttf */,
				8465FBAE276CEE0400CB2E1D /* Roboto-Regular.ttf */,
				8465FBAF276CEE0400CB2E1D /* Roboto-MediumItalic.ttf */,
				8465FBB0276CEE0400CB2E1D /* Roboto-ThinItalic.ttf */,
				8465FBB1276CEE0400CB2E1D /* Roboto-BoldItalic.ttf */,
				8465FBB2276CEE0400CB2E1D /* Roboto-LightItalic.ttf */,
				8465FBB3276CEE0400CB2E1D /* Roboto-Italic.ttf */,
				8465FBB4276CEE0400CB2E1D /* LICENSE.txt */,
				8465FBB5276CEE0400CB2E1D /* Roboto-BlackItalic.ttf */,
				8465FBB6276CEE0400CB2E1D /* Roboto-Bold.ttf */,
				8465FBB7276CEE0400CB2E1D /* Roboto-Thin.ttf */,
				8465FBB8276CEE0400CB2E1D /* Roboto-Black.ttf */,
			);
			path = Roboto;
			sourceTree = "<group>";
		};
		8465FBC8276CF0E300CB2E1D /* SwiftUI */ = {
			isa = PBXGroup;
			children = (
				8465FBC9276CF0EE00CB2E1D /* Font.swift */,
				8465FBCB276CF2DA00CB2E1D /* View.swift */,
				8471D34C277B321000CB4E1F /* Environment.swift */,
			);
			path = SwiftUI;
			sourceTree = "<group>";
		};
		8465FBCD276CF9EB00CB2E1D /* ButtonStyle */ = {
			isa = PBXGroup;
			children = (
				8465FBCE276CF9FD00CB2E1D /* SecondaryButtonStyle.swift */,
			);
			path = ButtonStyle;
			sourceTree = "<group>";
		};
		8465FBD0276CFC9400CB2E1D /* Services */ = {
			isa = PBXGroup;
			children = (
				8471D351277B685F00CB4E1F /* Firebase */,
				8465FBD3276CFE5400CB2E1D /* DefaultsManager.swift */,
				841C1254276E308D00EDEFD8 /* Logger.swift */,
				8402E01027A3F62B003957A2 /* NotificationScheduler.swift */,
				8465FBD5276D01FD00CB2E1D /* Services.swift */,
			);
			path = Services;
			sourceTree = "<group>";
		};
		8465FBD7276D033100CB2E1D /* Base */ = {
			isa = PBXGroup;
			children = (
				8465FBD8276D033D00CB2E1D /* Routing.swift */,
				84F54F1D276EB31400D843B2 /* RoutableView.swift */,
				841C1250276D54C800EDEFD8 /* InteractiveViewModel.swift */,
			);
			path = Base;
			sourceTree = "<group>";
		};
		8465FBDC276D049000CB2E1D /* Root */ = {
			isa = PBXGroup;
			children = (
				8465FBDE276D04A000CB2E1D /* Routing */,
				841C1246276D0AD700EDEFD8 /* ViewModels */,
				8465FBDD276D049B00CB2E1D /* Views */,
			);
			path = Root;
			sourceTree = "<group>";
		};
		8465FBDD276D049B00CB2E1D /* Views */ = {
			isa = PBXGroup;
			children = (
				8465FBDF276D04BB00CB2E1D /* RootView.swift */,
			);
			path = Views;
			sourceTree = "<group>";
		};
		8465FBDE276D04A000CB2E1D /* Routing */ = {
			isa = PBXGroup;
			children = (
				8465FBE1276D04C600CB2E1D /* RootRouter.swift */,
			);
			path = Routing;
			sourceTree = "<group>";
		};
		8471D34E277B59D700CB4E1F /* ViewModifiers */ = {
			isa = PBXGroup;
			children = (
				8471D34F277B59F600CB4E1F /* CircularHUDModifier.swift */,
			);
			path = ViewModifiers;
			sourceTree = "<group>";
		};
		8471D351277B685F00CB4E1F /* Firebase */ = {
			isa = PBXGroup;
			children = (
				8465FBD1276CFCB700CB2E1D /* FirebaseAuthManager.swift */,
				8471D352277B687A00CB4E1F /* FirebaseStorage.swift */,
			);
			path = Firebase;
			sourceTree = "<group>";
		};
		8475B405278724CD006E8449 /* Data */ = {
			isa = PBXGroup;
			children = (
				84F54F1B276EB07700D843B2 /* AppStateContainer.swift */,
				8475B406278724E8006E8449 /* UserDataContainer.swift */,
				8436EEC12799E7C800D2BBD0 /* PreferencesContainer.swift */,
			);
			path = Data;
			sourceTree = "<group>";
		};
		84A513A02789E456005309B3 /* Model */ = {
			isa = PBXGroup;
			children = (
			);
			path = Model;
			sourceTree = "<group>";
		};
		84C26F6F276B727400BEBEF0 = {
			isa = PBXGroup;
			children = (
				84C26F7A276B727400BEBEF0 /* ToDoDaily */,
				F0A169FE3F75534FA1DF47B7 /* Frameworks */,
				DE77C766B6822C9D344614B5 /* Pods */,
				84C26F79276B727400BEBEF0 /* Products */,
				84A513B3278C8BD1005309B3 /* CharacterLimit */,
				84A5139F2789CF7F005309B3 /* CircularHUD */,
				8471D345277675AD00CB4E1F /* ImagePicker */,
				84A513BB278CEB19005309B3 /* PermissionManager */,
				84F54F2C2771F99300D843B2 /* Model */,
				84F54F3927731CED00D843B2 /* Validation */,
				84F54F3C27732BEA00D843B2 /* WebImage */,
			);
			sourceTree = "<group>";
		};
		84C26F79276B727400BEBEF0 /* Products */ = {
			isa = PBXGroup;
			children = (
				84C26F78276B727400BEBEF0 /* ToDoDaily.app */,
			);
			name = Products;
			sourceTree = "<group>";
		};
		84C26F7A276B727400BEBEF0 /* ToDoDaily */ = {
			isa = PBXGroup;
			children = (
				84C26F8E276B735600BEBEF0 /* Application */,
				8465FBD7276D033100CB2E1D /* Base */,
				84C26FB5276C0BBA00BEBEF0 /* Extensions */,
				84C26FA3276B8C0500BEBEF0 /* Flows */,
				8436EED7279B1A1700D2BBD0 /* Network */,
				84C26F90276B73BA00BEBEF0 /* Persistence */,
				84C26F81276B727700BEBEF0 /* Preview Content */,
				84C26F8F276B73AC00BEBEF0 /* Resources */,
				8465FBA5276CA29900CB2E1D /* Reusable */,
				8465FBD0276CFC9400CB2E1D /* Services */,
				84C26F9E276B884300BEBEF0 /* Info.plist */,
			);
			path = ToDoDaily;
			sourceTree = "<group>";
		};
		84C26F81276B727700BEBEF0 /* Preview Content */ = {
			isa = PBXGroup;
			children = (
				84C26F82276B727700BEBEF0 /* Preview Assets.xcassets */,
			);
			path = "Preview Content";
			sourceTree = "<group>";
		};
		84C26F8E276B735600BEBEF0 /* Application */ = {
			isa = PBXGroup;
			children = (
				8475B405278724CD006E8449 /* Data */,
				84F54F17276EA16200D843B2 /* AppDelegate.swift */,
				84F54F19276EA34100D843B2 /* SceneDelegate.swift */,
			);
			path = Application;
			sourceTree = "<group>";
		};
		84C26F8F276B73AC00BEBEF0 /* Resources */ = {
			isa = PBXGroup;
			children = (
				84C26F97276B83F800BEBEF0 /* AutomaticallyGenerated */,
				8465FB9E276C15D600CB2E1D /* Firebase */,
				8465FBAA276CEE0400CB2E1D /* Fonts */,
				84CFB67B27924F61006270C8 /* Lottie */,
				84C26FB0276B9BD100BEBEF0 /* Strings */,
				84C26F9A276B854500BEBEF0 /* Colors.xcassets */,
				84C26F7F276B727700BEBEF0 /* Images.xcassets */,
				84C26FA1276B8A5900BEBEF0 /* Launch Screen.storyboard */,
				841E7E2E277F403C00C25895 /* SFSymbols.swift */,
			);
			path = Resources;
			sourceTree = "<group>";
		};
		84C26F90276B73BA00BEBEF0 /* Persistence */ = {
			isa = PBXGroup;
			children = (
				84A513A02789E456005309B3 /* Model */,
				84C26F84276B727700BEBEF0 /* Persistence.swift */,
				84C26F86276B727700BEBEF0 /* ToDoDaily.xcdatamodeld */,
			);
			path = Persistence;
			sourceTree = "<group>";
		};
		84C26F97276B83F800BEBEF0 /* AutomaticallyGenerated */ = {
			isa = PBXGroup;
			children = (
				84C26F9C276B85CE00BEBEF0 /* Assets-Constants.swift */,
				84C26FB3276B9C6000BEBEF0 /* Strings-Constants.swift */,
				8465FBC6276CEED500CB2E1D /* UIFont-Constants.swift */,
			);
			path = AutomaticallyGenerated;
			sourceTree = "<group>";
		};
		84C26FA3276B8C0500BEBEF0 /* Flows */ = {
			isa = PBXGroup;
			children = (
				84C26FA4276B8C0B00BEBEF0 /* Login */,
				841C1249276D0DA000EDEFD8 /* Main */,
				84F54F322772088900D843B2 /* Profile */,
				8465FBDC276D049000CB2E1D /* Root */,
			);
			path = Flows;
			sourceTree = "<group>";
		};
		84C26FA4276B8C0B00BEBEF0 /* Login */ = {
			isa = PBXGroup;
			children = (
				8465FBA2276C1B7D00CB2E1D /* Components */,
				841C124D276D10B500EDEFD8 /* ViewModels */,
				84C26FA5276B8C1100BEBEF0 /* Views */,
			);
			path = Login;
			sourceTree = "<group>";
		};
		84C26FA5276B8C1100BEBEF0 /* Views */ = {
			isa = PBXGroup;
			children = (
				84C26FA6276B8C3B00BEBEF0 /* LoginView.swift */,
			);
			path = Views;
			sourceTree = "<group>";
		};
		84C26FB0276B9BD100BEBEF0 /* Strings */ = {
			isa = PBXGroup;
			children = (
				84C26FB1276B9BE000BEBEF0 /* Application.strings */,
				8465FBA8276CBB8300CB2E1D /* Login.strings */,
				8471D3482776777E00CB4E1F /* InfoPlist.strings */,
				841E7E28277F373200C25895 /* Storage.strings */,
				841E7E2A277F3E8800C25895 /* APIErrors.strings */,
				841E7E2C277F3F5100C25895 /* Profile.strings */,
				84CFB72E2781002800016AE0 /* Settings.strings */,
				84A513B6278CDBCC005309B3 /* TaskDetails.strings */,
				84CFB6712791A5D5006270C8 /* Main.strings */,
			);
			path = Strings;
			sourceTree = "<group>";
		};
		84C26FB5276C0BBA00BEBEF0 /* Extensions */ = {
			isa = PBXGroup;
			children = (
				8402E006279F5854003957A2 /* CoreData */,
				84CFB66C278F0589006270C8 /* Foundation */,
				84F54F2F2771FA5400D843B2 /* Model */,
				8465FBC8276CF0E300CB2E1D /* SwiftUI */,
				84C26FB6276C0BC200BEBEF0 /* UIKit */,
			);
			path = Extensions;
			sourceTree = "<group>";
		};
		84C26FB6276C0BC200BEBEF0 /* UIKit */ = {
			isa = PBXGroup;
			children = (
				841C1252276D64F200EDEFD8 /* UIApplication.swift */,
				84C26FB7276C0BD000BEBEF0 /* UIScreen.swift */,
				84F54F232770AB5C00D843B2 /* UIView.swift */,
			);
			path = UIKit;
			sourceTree = "<group>";
		};
		84C37AB82780B85E005FB28F /* ViewModels */ = {
			isa = PBXGroup;
			children = (
				84A513AE278C8080005309B3 /* TaskDetailsViewModel.swift */,
				84C37AB92780B86C005FB28F /* MainViewModel.swift */,
				84C37AC02780F69E005FB28F /* SettingsViewModel.swift */,
			);
			path = ViewModels;
			sourceTree = "<group>";
		};
		84C37ABB2780B99A005FB28F /* Routing */ = {
			isa = PBXGroup;
			children = (
				84C37ABC2780B9A5005FB28F /* MainRouter.swift */,
				84C37AC22780F6AB005FB28F /* SettingsRouter.swift */,
			);
			path = Routing;
			sourceTree = "<group>";
		};
		84CFB66C278F0589006270C8 /* Foundation */ = {
			isa = PBXGroup;
			children = (
				84CFB66D278F0596006270C8 /* Collection.swift */,
				84CFB66F278F2148006270C8 /* Date.swift */,
				8436EEC5279ACB5B00D2BBD0 /* Optional.swift */,
				8436EED5279B19B200D2BBD0 /* JSONDecoder.swift */,
			);
			path = Foundation;
			sourceTree = "<group>";
		};
		84CFB67627924A15006270C8 /* Components */ = {
			isa = PBXGroup;
			children = (
				84CFB67727924A3B006270C8 /* LottieView.swift */,
			);
			path = Components;
			sourceTree = "<group>";
		};
		84CFB67B27924F61006270C8 /* Lottie */ = {
			isa = PBXGroup;
			children = (
				84CFB67E27924FA5006270C8 /* completed.json */,
			);
			path = Lottie;
			sourceTree = "<group>";
		};
		84CFB7282780FF5C00016AE0 /* Models */ = {
			isa = PBXGroup;
			children = (
				84CFB7292780FF6E00016AE0 /* SettingsItem.swift */,
				8402E003279C1714003957A2 /* TaskDataStorage.swift */,
				8402E00C27A36266003957A2 /* TaskPresentation.swift */,
			);
			path = Models;
			sourceTree = "<group>";
		};
		84CFB72B2780FFA000016AE0 /* Components */ = {
			isa = PBXGroup;
			children = (
				84CFB72C2780FFB200016AE0 /* SettingsRow.swift */,
				84CFB66A278EE496006270C8 /* TaskListCell.swift */,
				84CFB67927924D75006270C8 /* TaskCompletedView.swift */,
			);
			path = Components;
			sourceTree = "<group>";
		};
		84F54F2F2771FA5400D843B2 /* Model */ = {
			isa = PBXGroup;
			children = (
				8402E001279B5CF3003957A2 /* TaskItem.swift */,
				84F54F302771FAC500D843B2 /* User.swift */,
			);
			path = Model;
			sourceTree = "<group>";
		};
		84F54F322772088900D843B2 /* Profile */ = {
			isa = PBXGroup;
			children = (
				84F54F33277208A000D843B2 /* ViewModels */,
				84F54F34277208A500D843B2 /* Views */,
			);
			path = Profile;
			sourceTree = "<group>";
		};
		84F54F33277208A000D843B2 /* ViewModels */ = {
			isa = PBXGroup;
			children = (
				84F54F372772091900D843B2 /* ProfileViewModel.swift */,
			);
			path = ViewModels;
			sourceTree = "<group>";
		};
		84F54F34277208A500D843B2 /* Views */ = {
			isa = PBXGroup;
			children = (
				84F54F35277208B900D843B2 /* ProfileView.swift */,
			);
			path = Views;
			sourceTree = "<group>";
		};
		DE77C766B6822C9D344614B5 /* Pods */ = {
			isa = PBXGroup;
			children = (
				378FD58BACD41F008FCC5F3F /* Pods-ToDoDaily.debug.xcconfig */,
				5D595A9983B29CD103043183 /* Pods-ToDoDaily.release.xcconfig */,
			);
			path = Pods;
			sourceTree = "<group>";
		};
		F0A169FE3F75534FA1DF47B7 /* Frameworks */ = {
			isa = PBXGroup;
			children = (
				8486E40225582005AB4968ED /* Pods_ToDoDaily.framework */,
			);
			name = Frameworks;
			sourceTree = "<group>";
		};
/* End PBXGroup section */

/* Begin PBXNativeTarget section */
		84C26F77276B727400BEBEF0 /* ToDoDaily */ = {
			isa = PBXNativeTarget;
			buildConfigurationList = 84C26F8B276B727700BEBEF0 /* Build configuration list for PBXNativeTarget "ToDoDaily" */;
			buildPhases = (
				AEE497996D8419E05E7652E7 /* [CP] Check Pods Manifest.lock */,
				8465FBA1276C167000CB2E1D /* Link GoogleService-Info.plist */,
				84C26F74276B727400BEBEF0 /* Sources */,
				84C26F75276B727400BEBEF0 /* Frameworks */,
				84C26F76276B727400BEBEF0 /* Resources */,
			);
			buildRules = (
			);
			dependencies = (
			);
			name = ToDoDaily;
			packageProductDependencies = (
				84F54F09276E772B00D843B2 /* FirebaseAuth */,
				84F54F0C276E780900D843B2 /* GoogleSignIn */,
				84F54F0F276E7F9800D843B2 /* SwiftyBeaver */,
				84F54F21277097F600D843B2 /* CircularHUD */,
				84F54F2D2771F9AB00D843B2 /* Model */,
				84F54F3A27731D0700D843B2 /* Validation */,
				84F54F3D27734E5D00D843B2 /* WebImage */,
				8471D346277675D400CB4E1F /* ImagePicker */,
				8471D354277B68BF00CB4E1F /* FirebaseStorage */,
				84A513B4278C8BF7005309B3 /* CharacterLimit */,
				84A513B9278CE1F1005309B3 /* PermissionManager */,
				84CFB67427924987006270C8 /* Lottie */,
				8436EEBF2796343000D2BBD0 /* Grid */,
				8436EEC3279AC0D700D2BBD0 /* FirebaseFirestore */,
			);
			productName = ToDoDaily;
			productReference = 84C26F78276B727400BEBEF0 /* ToDoDaily.app */;
			productType = "com.apple.product-type.application";
		};
/* End PBXNativeTarget section */

/* Begin PBXProject section */
		84C26F70276B727400BEBEF0 /* Project object */ = {
			isa = PBXProject;
			attributes = {
				BuildIndependentTargetsInParallel = 1;
				LastSwiftUpdateCheck = 1320;
				LastUpgradeCheck = 1320;
				TargetAttributes = {
					84C26F77276B727400BEBEF0 = {
						CreatedOnToolsVersion = 13.2;
					};
					84C26F91276B7C2000BEBEF0 = {
						CreatedOnToolsVersion = 13.2;
					};
				};
			};
			buildConfigurationList = 84C26F73276B727400BEBEF0 /* Build configuration list for PBXProject "ToDoDaily" */;
			compatibilityVersion = "Xcode 13.0";
			developmentRegion = en;
			hasScannedForEncodings = 0;
			knownRegions = (
				en,
				Base,
			);
			mainGroup = 84C26F6F276B727400BEBEF0;
			packageReferences = (
				84F54F08276E735100D843B2 /* XCRemoteSwiftPackageReference "firebase-ios-sdk" */,
				84F54F0B276E780900D843B2 /* XCRemoteSwiftPackageReference "GoogleSignIn-iOS" */,
				84F54F0E276E7F9800D843B2 /* XCRemoteSwiftPackageReference "SwiftyBeaver" */,
				84CFB67327924987006270C8 /* XCRemoteSwiftPackageReference "lottie-ios" */,
				8436EEBE2796342F00D2BBD0 /* XCRemoteSwiftPackageReference "swiftui-grid" */,
			);
			productRefGroup = 84C26F79276B727400BEBEF0 /* Products */;
			projectDirPath = "";
			projectRoot = "";
			targets = (
				84C26F77276B727400BEBEF0 /* ToDoDaily */,
				84C26F91276B7C2000BEBEF0 /* Code Generation */,
			);
		};
/* End PBXProject section */

/* Begin PBXResourcesBuildPhase section */
		84C26F76276B727400BEBEF0 /* Resources */ = {
			isa = PBXResourcesBuildPhase;
			buildActionMask = 2147483647;
			files = (
				841E7E2B277F3E8800C25895 /* APIErrors.strings in Resources */,
				8465FBBD276CEE0400CB2E1D /* Roboto-ThinItalic.ttf in Resources */,
				841E7E2D277F3F5100C25895 /* Profile.strings in Resources */,
				8465FBB9276CEE0400CB2E1D /* Roboto-Medium.ttf in Resources */,
				8465FBC2276CEE0400CB2E1D /* Roboto-BlackItalic.ttf in Resources */,
				841E7E29277F373300C25895 /* Storage.strings in Resources */,
				8465FBBF276CEE0400CB2E1D /* Roboto-LightItalic.ttf in Resources */,
				84C26F9B276B854500BEBEF0 /* Colors.xcassets in Resources */,
				8465FBBB276CEE0400CB2E1D /* Roboto-Regular.ttf in Resources */,
				8465FBBE276CEE0400CB2E1D /* Roboto-BoldItalic.ttf in Resources */,
				8465FBC5276CEE0400CB2E1D /* Roboto-Black.ttf in Resources */,
				84CFB67F27924FA5006270C8 /* completed.json in Resources */,
				8471D3492776777E00CB4E1F /* InfoPlist.strings in Resources */,
				84C26F83276B727700BEBEF0 /* Preview Assets.xcassets in Resources */,
				8465FBC0276CEE0400CB2E1D /* Roboto-Italic.ttf in Resources */,
				84C26FB2276B9BE000BEBEF0 /* Application.strings in Resources */,
				8465FBA0276C166A00CB2E1D /* GoogleService-Info.plist in Resources */,
				8465FBA9276CBB8300CB2E1D /* Login.strings in Resources */,
				84C26FA2276B8A5900BEBEF0 /* Launch Screen.storyboard in Resources */,
				84CFB6722791A5D5006270C8 /* Main.strings in Resources */,
				84CFB72F2781002800016AE0 /* Settings.strings in Resources */,
				8465FBC1276CEE0400CB2E1D /* LICENSE.txt in Resources */,
				8465FBC4276CEE0400CB2E1D /* Roboto-Thin.ttf in Resources */,
				84A513B7278CDBCC005309B3 /* TaskDetails.strings in Resources */,
				8465FBC3276CEE0400CB2E1D /* Roboto-Bold.ttf in Resources */,
				84C26F80276B727700BEBEF0 /* Images.xcassets in Resources */,
				8465FBBC276CEE0400CB2E1D /* Roboto-MediumItalic.ttf in Resources */,
				8465FBBA276CEE0400CB2E1D /* Roboto-Light.ttf in Resources */,
			);
			runOnlyForDeploymentPostprocessing = 0;
		};
/* End PBXResourcesBuildPhase section */

/* Begin PBXShellScriptBuildPhase section */
		8465FBA1276C167000CB2E1D /* Link GoogleService-Info.plist */ = {
			isa = PBXShellScriptBuildPhase;
			buildActionMask = 2147483647;
			files = (
			);
			inputFileListPaths = (
			);
			inputPaths = (
			);
			name = "Link GoogleService-Info.plist";
			outputFileListPaths = (
			);
			outputPaths = (
			);
			runOnlyForDeploymentPostprocessing = 0;
			shellPath = /bin/sh;
			shellScript = "# This script injects the corresponding GoogleService-Info.plist for current environment. The names of .plist files are stored in .xcconfig files as `GOOGLE_PLIST_NAME` constant.\n\n# Directory of .plist files (not included in XCode project)\nPATH_TO_GOOGLE_PLISTS=\"${PROJECT_DIR}/ToDoDaily/Resources/Firebase\"\n\ncp -r \"$PATH_TO_GOOGLE_PLISTS/$GOOGLE_PLIST_NAME\" \"${BUILT_PRODUCTS_DIR}/${PRODUCT_NAME}.app/GoogleService-Info.plist\"\n";
		};
		84C26F95276B7C2700BEBEF0 /* SwiftGen */ = {
			isa = PBXShellScriptBuildPhase;
			buildActionMask = 12;
			files = (
			);
			inputFileListPaths = (
			);
			inputPaths = (
			);
			name = SwiftGen;
			outputFileListPaths = (
			);
			outputPaths = (
			);
			runOnlyForDeploymentPostprocessing = 0;
			shellPath = /bin/sh;
			shellScript = "swiftgen config run --config ${SRCROOT}/swiftgen.yml --verbose\n";
		};
		AEE497996D8419E05E7652E7 /* [CP] Check Pods Manifest.lock */ = {
			isa = PBXShellScriptBuildPhase;
			buildActionMask = 2147483647;
			files = (
			);
			inputFileListPaths = (
			);
			inputPaths = (
				"${PODS_PODFILE_DIR_PATH}/Podfile.lock",
				"${PODS_ROOT}/Manifest.lock",
			);
			name = "[CP] Check Pods Manifest.lock";
			outputFileListPaths = (
			);
			outputPaths = (
				"$(DERIVED_FILE_DIR)/Pods-ToDoDaily-checkManifestLockResult.txt",
			);
			runOnlyForDeploymentPostprocessing = 0;
			shellPath = /bin/sh;
			shellScript = "diff \"${PODS_PODFILE_DIR_PATH}/Podfile.lock\" \"${PODS_ROOT}/Manifest.lock\" > /dev/null\nif [ $? != 0 ] ; then\n    # print error to STDERR\n    echo \"error: The sandbox is not in sync with the Podfile.lock. Run 'pod install' or update your CocoaPods installation.\" >&2\n    exit 1\nfi\n# This output is used by Xcode 'outputs' to avoid re-running this script phase.\necho \"SUCCESS\" > \"${SCRIPT_OUTPUT_FILE_0}\"\n";
			showEnvVarsInLog = 0;
		};
/* End PBXShellScriptBuildPhase section */

/* Begin PBXSourcesBuildPhase section */
		84C26F74276B727400BEBEF0 /* Sources */ = {
			isa = PBXSourcesBuildPhase;
			buildActionMask = 2147483647;
			files = (
				8402E00D27A36266003957A2 /* TaskPresentation.swift in Sources */,
				8436EEDB279B1A1700D2BBD0 /* NetworkManager.swift in Sources */,
				841C124F276D10C900EDEFD8 /* LoginViewModel.swift in Sources */,
				8436EECD279AD80B00D2BBD0 /* TasksCollectionListenerDescriptor.swift in Sources */,
				8465FBC7276CEED500CB2E1D /* UIFont-Constants.swift in Sources */,
				8402E004279C1714003957A2 /* TaskDataStorage.swift in Sources */,
				84F54F1E276EB31400D843B2 /* RoutableView.swift in Sources */,
				84C37AC32780F6AB005FB28F /* SettingsRouter.swift in Sources */,
				841C1248276D0AE900EDEFD8 /* RootViewModel.swift in Sources */,
				84F54F242770AB5C00D843B2 /* UIView.swift in Sources */,
				8402E01127A3F62B003957A2 /* NotificationScheduler.swift in Sources */,
				841C1253276D64F200EDEFD8 /* UIApplication.swift in Sources */,
				84F54F18276EA16200D843B2 /* AppDelegate.swift in Sources */,
				8465FBD2276CFCB700CB2E1D /* FirebaseAuthManager.swift in Sources */,
				84F54F312771FAC500D843B2 /* User.swift in Sources */,
				8465FBCA276CF0EE00CB2E1D /* Font.swift in Sources */,
				8436EEC6279ACB5B00D2BBD0 /* Optional.swift in Sources */,
				8475B407278724E8006E8449 /* UserDataContainer.swift in Sources */,
				841E7E2F277F403C00C25895 /* SFSymbols.swift in Sources */,
				84C37AC12780F69E005FB28F /* SettingsViewModel.swift in Sources */,
				84C26FB4276B9C6000BEBEF0 /* Strings-Constants.swift in Sources */,
				84C37ABA2780B86C005FB28F /* MainViewModel.swift in Sources */,
				8402E000279B5858003957A2 /* FirebaseNetworkAgent.swift in Sources */,
				841C1251276D54C800EDEFD8 /* InteractiveViewModel.swift in Sources */,
				84A513AF278C8080005309B3 /* TaskDetailsViewModel.swift in Sources */,
				8436EED6279B19B200D2BBD0 /* JSONDecoder.swift in Sources */,
				84CFB66E278F0596006270C8 /* Collection.swift in Sources */,
				841C1255276E308D00EDEFD8 /* Logger.swift in Sources */,
				84C37ABD2780B9A5005FB28F /* MainRouter.swift in Sources */,
				84F54F1A276EA34100D843B2 /* SceneDelegate.swift in Sources */,
				84F54F382772091900D843B2 /* ProfileViewModel.swift in Sources */,
				84C26FA7276B8C3B00BEBEF0 /* LoginView.swift in Sources */,
				84CFB67A27924D75006270C8 /* TaskCompletedView.swift in Sources */,
				841C124C276D0DCC00EDEFD8 /* MainView.swift in Sources */,
				8402E00F27A3668C003957A2 /* MockNetworkAgent.swift in Sources */,
				8465FBE0276D04BB00CB2E1D /* RootView.swift in Sources */,
				8465FBCF276CF9FD00CB2E1D /* SecondaryButtonStyle.swift in Sources */,
				8402E008279F587B003957A2 /* NSManagedObjectContext.swift in Sources */,
				8471D350277B59F600CB4E1F /* CircularHUDModifier.swift in Sources */,
				8436EEC22799E7C900D2BBD0 /* PreferencesContainer.swift in Sources */,
				84CFB66B278EE496006270C8 /* TaskListCell.swift in Sources */,
				8436EECF279AD91700D2BBD0 /* MainNetworking.swift in Sources */,
				84A513AD278C802C005309B3 /* TaskDetailsView.swift in Sources */,
				84CFB670278F2148006270C8 /* Date.swift in Sources */,
				84F54F36277208B900D843B2 /* ProfileView.swift in Sources */,
				84C37ABF2780F690005FB28F /* SettingsView.swift in Sources */,
				84C26F85276B727700BEBEF0 /* Persistence.swift in Sources */,
				84CFB67827924A3B006270C8 /* LottieView.swift in Sources */,
				8465FBD4276CFE5400CB2E1D /* DefaultsManager.swift in Sources */,
				84C26F88276B727700BEBEF0 /* ToDoDaily.xcdatamodeld in Sources */,
				8465FBA4276C1B8C00CB2E1D /* GoogleSignInButton.swift in Sources */,
				84CFB72A2780FF6E00016AE0 /* SettingsItem.swift in Sources */,
				8465FBD9276D033D00CB2E1D /* Routing.swift in Sources */,
				8465FBA7276CA2A900CB2E1D /* Typealiases.swift in Sources */,
				8465FBCC276CF2DA00CB2E1D /* View.swift in Sources */,
				8465FBE2276D04C600CB2E1D /* RootRouter.swift in Sources */,
				84F54F1C276EB07700D843B2 /* AppStateContainer.swift in Sources */,
				8436EEDC279B1A1700D2BBD0 /* NetworkOperationDescriptors.swift in Sources */,
				8465FBD6276D01FD00CB2E1D /* Services.swift in Sources */,
				84C26FB8276C0BD000BEBEF0 /* UIScreen.swift in Sources */,
				84C26F9D276B85CE00BEBEF0 /* Assets-Constants.swift in Sources */,
				8402DFFE279B57B2003957A2 /* NetworkAgent.swift in Sources */,
				8402E002279B5CF3003957A2 /* TaskItem.swift in Sources */,
				84CFB72D2780FFB200016AE0 /* SettingsRow.swift in Sources */,
				8471D353277B687A00CB4E1F /* FirebaseStorage.swift in Sources */,
				8471D34D277B321000CB4E1F /* Environment.swift in Sources */,
			);
			runOnlyForDeploymentPostprocessing = 0;
		};
/* End PBXSourcesBuildPhase section */

/* Begin XCBuildConfiguration section */
		84C26F89276B727700BEBEF0 /* Debug */ = {
			isa = XCBuildConfiguration;
			buildSettings = {
				ALWAYS_SEARCH_USER_PATHS = NO;
				CLANG_ANALYZER_NONNULL = YES;
				CLANG_ANALYZER_NUMBER_OBJECT_CONVERSION = YES_AGGRESSIVE;
				CLANG_CXX_LANGUAGE_STANDARD = "gnu++17";
				CLANG_CXX_LIBRARY = "libc++";
				CLANG_ENABLE_MODULES = YES;
				CLANG_ENABLE_OBJC_ARC = YES;
				CLANG_ENABLE_OBJC_WEAK = YES;
				CLANG_WARN_BLOCK_CAPTURE_AUTORELEASING = YES;
				CLANG_WARN_BOOL_CONVERSION = YES;
				CLANG_WARN_COMMA = YES;
				CLANG_WARN_CONSTANT_CONVERSION = YES;
				CLANG_WARN_DEPRECATED_OBJC_IMPLEMENTATIONS = YES;
				CLANG_WARN_DIRECT_OBJC_ISA_USAGE = YES_ERROR;
				CLANG_WARN_DOCUMENTATION_COMMENTS = YES;
				CLANG_WARN_EMPTY_BODY = YES;
				CLANG_WARN_ENUM_CONVERSION = YES;
				CLANG_WARN_INFINITE_RECURSION = YES;
				CLANG_WARN_INT_CONVERSION = YES;
				CLANG_WARN_NON_LITERAL_NULL_CONVERSION = YES;
				CLANG_WARN_OBJC_IMPLICIT_RETAIN_SELF = YES;
				CLANG_WARN_OBJC_LITERAL_CONVERSION = YES;
				CLANG_WARN_OBJC_ROOT_CLASS = YES_ERROR;
				CLANG_WARN_QUOTED_INCLUDE_IN_FRAMEWORK_HEADER = YES;
				CLANG_WARN_RANGE_LOOP_ANALYSIS = YES;
				CLANG_WARN_STRICT_PROTOTYPES = YES;
				CLANG_WARN_SUSPICIOUS_MOVE = YES;
				CLANG_WARN_UNGUARDED_AVAILABILITY = YES_AGGRESSIVE;
				CLANG_WARN_UNREACHABLE_CODE = YES;
				CLANG_WARN__DUPLICATE_METHOD_MATCH = YES;
				COPY_PHASE_STRIP = NO;
				DEBUG_INFORMATION_FORMAT = dwarf;
				ENABLE_STRICT_OBJC_MSGSEND = YES;
				ENABLE_TESTABILITY = YES;
				GCC_C_LANGUAGE_STANDARD = gnu11;
				GCC_DYNAMIC_NO_PIC = NO;
				GCC_NO_COMMON_BLOCKS = YES;
				GCC_OPTIMIZATION_LEVEL = 0;
				GCC_PREPROCESSOR_DEFINITIONS = (
					"DEBUG=1",
					"$(inherited)",
				);
				GCC_WARN_64_TO_32_BIT_CONVERSION = YES;
				GCC_WARN_ABOUT_RETURN_TYPE = YES_ERROR;
				GCC_WARN_UNDECLARED_SELECTOR = YES;
				GCC_WARN_UNINITIALIZED_AUTOS = YES_AGGRESSIVE;
				GCC_WARN_UNUSED_FUNCTION = YES;
				GCC_WARN_UNUSED_VARIABLE = YES;
				IPHONEOS_DEPLOYMENT_TARGET = 14.0;
				MTL_ENABLE_DEBUG_INFO = INCLUDE_SOURCE;
				MTL_FAST_MATH = YES;
				ONLY_ACTIVE_ARCH = YES;
				SDKROOT = iphoneos;
				SWIFT_ACTIVE_COMPILATION_CONDITIONS = DEBUG;
				SWIFT_OPTIMIZATION_LEVEL = "-Onone";
			};
			name = Debug;
		};
		84C26F8A276B727700BEBEF0 /* Release */ = {
			isa = XCBuildConfiguration;
			buildSettings = {
				ALWAYS_SEARCH_USER_PATHS = NO;
				CLANG_ANALYZER_NONNULL = YES;
				CLANG_ANALYZER_NUMBER_OBJECT_CONVERSION = YES_AGGRESSIVE;
				CLANG_CXX_LANGUAGE_STANDARD = "gnu++17";
				CLANG_CXX_LIBRARY = "libc++";
				CLANG_ENABLE_MODULES = YES;
				CLANG_ENABLE_OBJC_ARC = YES;
				CLANG_ENABLE_OBJC_WEAK = YES;
				CLANG_WARN_BLOCK_CAPTURE_AUTORELEASING = YES;
				CLANG_WARN_BOOL_CONVERSION = YES;
				CLANG_WARN_COMMA = YES;
				CLANG_WARN_CONSTANT_CONVERSION = YES;
				CLANG_WARN_DEPRECATED_OBJC_IMPLEMENTATIONS = YES;
				CLANG_WARN_DIRECT_OBJC_ISA_USAGE = YES_ERROR;
				CLANG_WARN_DOCUMENTATION_COMMENTS = YES;
				CLANG_WARN_EMPTY_BODY = YES;
				CLANG_WARN_ENUM_CONVERSION = YES;
				CLANG_WARN_INFINITE_RECURSION = YES;
				CLANG_WARN_INT_CONVERSION = YES;
				CLANG_WARN_NON_LITERAL_NULL_CONVERSION = YES;
				CLANG_WARN_OBJC_IMPLICIT_RETAIN_SELF = YES;
				CLANG_WARN_OBJC_LITERAL_CONVERSION = YES;
				CLANG_WARN_OBJC_ROOT_CLASS = YES_ERROR;
				CLANG_WARN_QUOTED_INCLUDE_IN_FRAMEWORK_HEADER = YES;
				CLANG_WARN_RANGE_LOOP_ANALYSIS = YES;
				CLANG_WARN_STRICT_PROTOTYPES = YES;
				CLANG_WARN_SUSPICIOUS_MOVE = YES;
				CLANG_WARN_UNGUARDED_AVAILABILITY = YES_AGGRESSIVE;
				CLANG_WARN_UNREACHABLE_CODE = YES;
				CLANG_WARN__DUPLICATE_METHOD_MATCH = YES;
				COPY_PHASE_STRIP = NO;
				DEBUG_INFORMATION_FORMAT = "dwarf-with-dsym";
				ENABLE_NS_ASSERTIONS = NO;
				ENABLE_STRICT_OBJC_MSGSEND = YES;
				GCC_C_LANGUAGE_STANDARD = gnu11;
				GCC_NO_COMMON_BLOCKS = YES;
				GCC_WARN_64_TO_32_BIT_CONVERSION = YES;
				GCC_WARN_ABOUT_RETURN_TYPE = YES_ERROR;
				GCC_WARN_UNDECLARED_SELECTOR = YES;
				GCC_WARN_UNINITIALIZED_AUTOS = YES_AGGRESSIVE;
				GCC_WARN_UNUSED_FUNCTION = YES;
				GCC_WARN_UNUSED_VARIABLE = YES;
				IPHONEOS_DEPLOYMENT_TARGET = 14.0;
				MTL_ENABLE_DEBUG_INFO = NO;
				MTL_FAST_MATH = YES;
				SDKROOT = iphoneos;
				SWIFT_COMPILATION_MODE = wholemodule;
				SWIFT_OPTIMIZATION_LEVEL = "-O";
				VALIDATE_PRODUCT = YES;
			};
			name = Release;
		};
		84C26F8C276B727700BEBEF0 /* Debug */ = {
			isa = XCBuildConfiguration;
			baseConfigurationReference = 378FD58BACD41F008FCC5F3F /* Pods-ToDoDaily.debug.xcconfig */;
			buildSettings = {
				ASSETCATALOG_COMPILER_APPICON_NAME = AppIcon;
				ASSETCATALOG_COMPILER_GLOBAL_ACCENT_COLOR_NAME = AccentColor;
				CODE_SIGN_STYLE = Automatic;
				CURRENT_PROJECT_VERSION = 1;
				DEVELOPMENT_ASSET_PATHS = "\"ToDoDaily/Preview Content\"";
				DEVELOPMENT_TEAM = G68HFXQ7G5;
				ENABLE_PREVIEWS = YES;
				GENERATE_INFOPLIST_FILE = YES;
				GOOGLE_PLIST_NAME = "GoogleService-Info.plist";
				INFOPLIST_FILE = ToDoDaily/Info.plist;
				INFOPLIST_KEY_UIApplicationSceneManifest_Generation = YES;
				INFOPLIST_KEY_UIApplicationSupportsIndirectInputEvents = YES;
				INFOPLIST_KEY_UILaunchScreen_Generation = YES;
				INFOPLIST_KEY_UILaunchStoryboardName = "Launch Screen";
				INFOPLIST_KEY_UISupportedInterfaceOrientations_iPad = "UIInterfaceOrientationPortrait UIInterfaceOrientationPortraitUpsideDown UIInterfaceOrientationLandscapeLeft UIInterfaceOrientationLandscapeRight";
				INFOPLIST_KEY_UISupportedInterfaceOrientations_iPhone = "UIInterfaceOrientationPortrait UIInterfaceOrientationLandscapeLeft UIInterfaceOrientationLandscapeRight";
				IPHONEOS_DEPLOYMENT_TARGET = 14.0;
				LD_RUNPATH_SEARCH_PATHS = (
					"$(inherited)",
					"@executable_path/Frameworks",
				);
				MARKETING_VERSION = 1.0;
				PRODUCT_BUNDLE_IDENTIFIER = internal.ToDoDaily;
				PRODUCT_NAME = "$(TARGET_NAME)";
				SWIFT_EMIT_LOC_STRINGS = YES;
				SWIFT_VERSION = 5.0;
				TARGETED_DEVICE_FAMILY = 1;
			};
			name = Debug;
		};
		84C26F8D276B727700BEBEF0 /* Release */ = {
			isa = XCBuildConfiguration;
			baseConfigurationReference = 5D595A9983B29CD103043183 /* Pods-ToDoDaily.release.xcconfig */;
			buildSettings = {
				ASSETCATALOG_COMPILER_APPICON_NAME = AppIcon;
				ASSETCATALOG_COMPILER_GLOBAL_ACCENT_COLOR_NAME = AccentColor;
				CODE_SIGN_STYLE = Automatic;
				CURRENT_PROJECT_VERSION = 1;
				DEVELOPMENT_ASSET_PATHS = "\"ToDoDaily/Preview Content\"";
				DEVELOPMENT_TEAM = G68HFXQ7G5;
				ENABLE_PREVIEWS = YES;
				GENERATE_INFOPLIST_FILE = YES;
				GOOGLE_PLIST_NAME = "GoogleService-Info.plist";
				INFOPLIST_FILE = ToDoDaily/Info.plist;
				INFOPLIST_KEY_UIApplicationSceneManifest_Generation = YES;
				INFOPLIST_KEY_UIApplicationSupportsIndirectInputEvents = YES;
				INFOPLIST_KEY_UILaunchScreen_Generation = YES;
				INFOPLIST_KEY_UILaunchStoryboardName = "Launch Screen";
				INFOPLIST_KEY_UISupportedInterfaceOrientations_iPad = "UIInterfaceOrientationPortrait UIInterfaceOrientationPortraitUpsideDown UIInterfaceOrientationLandscapeLeft UIInterfaceOrientationLandscapeRight";
				INFOPLIST_KEY_UISupportedInterfaceOrientations_iPhone = "UIInterfaceOrientationPortrait UIInterfaceOrientationLandscapeLeft UIInterfaceOrientationLandscapeRight";
				IPHONEOS_DEPLOYMENT_TARGET = 14.0;
				LD_RUNPATH_SEARCH_PATHS = (
					"$(inherited)",
					"@executable_path/Frameworks",
				);
				MARKETING_VERSION = 1.0;
				PRODUCT_BUNDLE_IDENTIFIER = internal.ToDoDaily;
				PRODUCT_NAME = "$(TARGET_NAME)";
				SWIFT_EMIT_LOC_STRINGS = YES;
				SWIFT_VERSION = 5.0;
				TARGETED_DEVICE_FAMILY = 1;
			};
			name = Release;
		};
		84C26F92276B7C2000BEBEF0 /* Debug */ = {
			isa = XCBuildConfiguration;
			buildSettings = {
				CODE_SIGN_STYLE = Automatic;
				DEVELOPMENT_TEAM = G68HFXQ7G5;
				PRODUCT_NAME = "$(TARGET_NAME)";
			};
			name = Debug;
		};
		84C26F93276B7C2000BEBEF0 /* Release */ = {
			isa = XCBuildConfiguration;
			buildSettings = {
				CODE_SIGN_STYLE = Automatic;
				DEVELOPMENT_TEAM = G68HFXQ7G5;
				PRODUCT_NAME = "$(TARGET_NAME)";
			};
			name = Release;
		};
/* End XCBuildConfiguration section */

/* Begin XCConfigurationList section */
		84C26F73276B727400BEBEF0 /* Build configuration list for PBXProject "ToDoDaily" */ = {
			isa = XCConfigurationList;
			buildConfigurations = (
				84C26F89276B727700BEBEF0 /* Debug */,
				84C26F8A276B727700BEBEF0 /* Release */,
			);
			defaultConfigurationIsVisible = 0;
			defaultConfigurationName = Release;
		};
		84C26F8B276B727700BEBEF0 /* Build configuration list for PBXNativeTarget "ToDoDaily" */ = {
			isa = XCConfigurationList;
			buildConfigurations = (
				84C26F8C276B727700BEBEF0 /* Debug */,
				84C26F8D276B727700BEBEF0 /* Release */,
			);
			defaultConfigurationIsVisible = 0;
			defaultConfigurationName = Release;
		};
		84C26F94276B7C2000BEBEF0 /* Build configuration list for PBXAggregateTarget "Code Generation" */ = {
			isa = XCConfigurationList;
			buildConfigurations = (
				84C26F92276B7C2000BEBEF0 /* Debug */,
				84C26F93276B7C2000BEBEF0 /* Release */,
			);
			defaultConfigurationIsVisible = 0;
			defaultConfigurationName = Release;
		};
/* End XCConfigurationList section */

/* Begin XCRemoteSwiftPackageReference section */
		8436EEBE2796342F00D2BBD0 /* XCRemoteSwiftPackageReference "swiftui-grid" */ = {
			isa = XCRemoteSwiftPackageReference;
			repositoryURL = "https://github.com/spacenation/swiftui-grid";
			requirement = {
				kind = upToNextMajorVersion;
				minimumVersion = 1.0.0;
			};
		};
		84CFB67327924987006270C8 /* XCRemoteSwiftPackageReference "lottie-ios" */ = {
			isa = XCRemoteSwiftPackageReference;
			repositoryURL = "https://github.com/airbnb/lottie-ios";
			requirement = {
				branch = master;
				kind = branch;
			};
		};
		84F54F08276E735100D843B2 /* XCRemoteSwiftPackageReference "firebase-ios-sdk" */ = {
			isa = XCRemoteSwiftPackageReference;
			repositoryURL = "https://github.com/firebase/firebase-ios-sdk";
			requirement = {
				branch = master;
				kind = branch;
			};
		};
		84F54F0B276E780900D843B2 /* XCRemoteSwiftPackageReference "GoogleSignIn-iOS" */ = {
			isa = XCRemoteSwiftPackageReference;
			repositoryURL = "https://github.com/google/GoogleSignIn-iOS";
			requirement = {
				kind = upToNextMajorVersion;
				minimumVersion = 6.0.0;
			};
		};
		84F54F0E276E7F9800D843B2 /* XCRemoteSwiftPackageReference "SwiftyBeaver" */ = {
			isa = XCRemoteSwiftPackageReference;
			repositoryURL = "https://github.com/SwiftyBeaver/SwiftyBeaver.git";
			requirement = {
				kind = upToNextMajorVersion;
				minimumVersion = 1.0.0;
			};
		};
/* End XCRemoteSwiftPackageReference section */

/* Begin XCSwiftPackageProductDependency section */
		8436EEBF2796343000D2BBD0 /* Grid */ = {
			isa = XCSwiftPackageProductDependency;
			package = 8436EEBE2796342F00D2BBD0 /* XCRemoteSwiftPackageReference "swiftui-grid" */;
			productName = Grid;
		};
		8436EEC3279AC0D700D2BBD0 /* FirebaseFirestore */ = {
			isa = XCSwiftPackageProductDependency;
			package = 84F54F08276E735100D843B2 /* XCRemoteSwiftPackageReference "firebase-ios-sdk" */;
			productName = FirebaseFirestore;
		};
		8471D346277675D400CB4E1F /* ImagePicker */ = {
			isa = XCSwiftPackageProductDependency;
			productName = ImagePicker;
		};
		8471D354277B68BF00CB4E1F /* FirebaseStorage */ = {
			isa = XCSwiftPackageProductDependency;
			package = 84F54F08276E735100D843B2 /* XCRemoteSwiftPackageReference "firebase-ios-sdk" */;
			productName = FirebaseStorage;
		};
		84A513B4278C8BF7005309B3 /* CharacterLimit */ = {
			isa = XCSwiftPackageProductDependency;
			productName = CharacterLimit;
		};
		84A513B9278CE1F1005309B3 /* PermissionManager */ = {
			isa = XCSwiftPackageProductDependency;
			productName = PermissionManager;
		};
		84CFB67427924987006270C8 /* Lottie */ = {
			isa = XCSwiftPackageProductDependency;
			package = 84CFB67327924987006270C8 /* XCRemoteSwiftPackageReference "lottie-ios" */;
			productName = Lottie;
		};
		84F54F09276E772B00D843B2 /* FirebaseAuth */ = {
			isa = XCSwiftPackageProductDependency;
			package = 84F54F08276E735100D843B2 /* XCRemoteSwiftPackageReference "firebase-ios-sdk" */;
			productName = FirebaseAuth;
		};
		84F54F0C276E780900D843B2 /* GoogleSignIn */ = {
			isa = XCSwiftPackageProductDependency;
			package = 84F54F0B276E780900D843B2 /* XCRemoteSwiftPackageReference "GoogleSignIn-iOS" */;
			productName = GoogleSignIn;
		};
		84F54F0F276E7F9800D843B2 /* SwiftyBeaver */ = {
			isa = XCSwiftPackageProductDependency;
			package = 84F54F0E276E7F9800D843B2 /* XCRemoteSwiftPackageReference "SwiftyBeaver" */;
			productName = SwiftyBeaver;
		};
		84F54F21277097F600D843B2 /* CircularHUD */ = {
			isa = XCSwiftPackageProductDependency;
			productName = CircularHUD;
		};
		84F54F2D2771F9AB00D843B2 /* Model */ = {
			isa = XCSwiftPackageProductDependency;
			productName = Model;
		};
		84F54F3A27731D0700D843B2 /* Validation */ = {
			isa = XCSwiftPackageProductDependency;
			productName = Validation;
		};
		84F54F3D27734E5D00D843B2 /* WebImage */ = {
			isa = XCSwiftPackageProductDependency;
			productName = WebImage;
		};
/* End XCSwiftPackageProductDependency section */

/* Begin XCVersionGroup section */
		84C26F86276B727700BEBEF0 /* ToDoDaily.xcdatamodeld */ = {
			isa = XCVersionGroup;
			children = (
				8402E005279D6F6C003957A2 /* ToDoDaily 2.xcdatamodel */,
				84C26F87276B727700BEBEF0 /* ToDoDaily.xcdatamodel */,
			);
			currentVersion = 8402E005279D6F6C003957A2 /* ToDoDaily 2.xcdatamodel */;
			path = ToDoDaily.xcdatamodeld;
			sourceTree = "<group>";
			versionGroupType = wrapper.xcdatamodel;
		};
/* End XCVersionGroup section */
	};
	rootObject = 84C26F70276B727400BEBEF0 /* Project object */;
}
